// !$*UTF8*$!
{
	archiveVersion = 1;
	classes = {
	};
	objectVersion = 46;
	objects = {

/* Begin PBXBuildFile section */
		48399581191427D20085611D /* Foundation.framework in Frameworks */ = {isa = PBXBuildFile; fileRef = 48399580191427D20085611D /* Foundation.framework */; };
		48399583191427D20085611D /* CoreGraphics.framework in Frameworks */ = {isa = PBXBuildFile; fileRef = 48399582191427D20085611D /* CoreGraphics.framework */; };
		48399585191427D20085611D /* UIKit.framework in Frameworks */ = {isa = PBXBuildFile; fileRef = 48399584191427D20085611D /* UIKit.framework */; };
		4839958B191427D20085611D /* InfoPlist.strings in Resources */ = {isa = PBXBuildFile; fileRef = 48399589191427D20085611D /* InfoPlist.strings */; };
		4839958D191427D20085611D /* main.m in Sources */ = {isa = PBXBuildFile; fileRef = 4839958C191427D20085611D /* main.m */; };
		48399591191427D20085611D /* INAppDelegate.m in Sources */ = {isa = PBXBuildFile; fileRef = 48399590191427D20085611D /* INAppDelegate.m */; };
		48399593191427D20085611D /* Images.xcassets in Resources */ = {isa = PBXBuildFile; fileRef = 48399592191427D20085611D /* Images.xcassets */; };
		4839959A191427D20085611D /* XCTest.framework in Frameworks */ = {isa = PBXBuildFile; fileRef = 48399599191427D20085611D /* XCTest.framework */; };
		4839959B191427D20085611D /* Foundation.framework in Frameworks */ = {isa = PBXBuildFile; fileRef = 48399580191427D20085611D /* Foundation.framework */; };
		4839959C191427D20085611D /* UIKit.framework in Frameworks */ = {isa = PBXBuildFile; fileRef = 48399584191427D20085611D /* UIKit.framework */; };
		483995A4191427D20085611D /* InfoPlist.strings in Resources */ = {isa = PBXBuildFile; fileRef = 483995A2191427D20085611D /* InfoPlist.strings */; };
		483995A6191427D20085611D /* in_notesTests.m in Sources */ = {isa = PBXBuildFile; fileRef = 483995A5191427D20085611D /* in_notesTests.m */; };
		483995B019142C060085611D /* iPhone568.storyboard in Resources */ = {isa = PBXBuildFile; fileRef = 483995AF19142C060085611D /* iPhone568.storyboard */; };
		483995B319142CC20085611D /* INHomeViewController.m in Sources */ = {isa = PBXBuildFile; fileRef = 483995B219142CC20085611D /* INHomeViewController.m */; };
		48399644191437FA0085611D /* MagicalImportFunctions.m in Sources */ = {isa = PBXBuildFile; fileRef = 483995B9191437FA0085611D /* MagicalImportFunctions.m */; };
		48399645191437FA0085611D /* NSAttributeDescription+MagicalDataImport.m in Sources */ = {isa = PBXBuildFile; fileRef = 483995BB191437FA0085611D /* NSAttributeDescription+MagicalDataImport.m */; };
		48399646191437FA0085611D /* NSEntityDescription+MagicalDataImport.m in Sources */ = {isa = PBXBuildFile; fileRef = 483995BD191437FA0085611D /* NSEntityDescription+MagicalDataImport.m */; };
		48399647191437FA0085611D /* NSNumber+MagicalDataImport.m in Sources */ = {isa = PBXBuildFile; fileRef = 483995BF191437FA0085611D /* NSNumber+MagicalDataImport.m */; };
		48399648191437FA0085611D /* NSObject+MagicalDataImport.m in Sources */ = {isa = PBXBuildFile; fileRef = 483995C1191437FA0085611D /* NSObject+MagicalDataImport.m */; };
		48399649191437FA0085611D /* NSRelationshipDescription+MagicalDataImport.m in Sources */ = {isa = PBXBuildFile; fileRef = 483995C3191437FA0085611D /* NSRelationshipDescription+MagicalDataImport.m */; };
		4839964A191437FA0085611D /* NSString+MagicalDataImport.m in Sources */ = {isa = PBXBuildFile; fileRef = 483995C5191437FA0085611D /* NSString+MagicalDataImport.m */; };
		4839964B191437FA0085611D /* NSManagedObject+MagicalAggregation.m in Sources */ = {isa = PBXBuildFile; fileRef = 483995C8191437FA0085611D /* NSManagedObject+MagicalAggregation.m */; };
		4839964C191437FA0085611D /* NSManagedObject+MagicalDataImport.m in Sources */ = {isa = PBXBuildFile; fileRef = 483995CA191437FA0085611D /* NSManagedObject+MagicalDataImport.m */; };
		4839964D191437FA0085611D /* NSManagedObject+MagicalFinders.m in Sources */ = {isa = PBXBuildFile; fileRef = 483995CC191437FA0085611D /* NSManagedObject+MagicalFinders.m */; };
		4839964E191437FA0085611D /* NSManagedObject+MagicalRecord.m in Sources */ = {isa = PBXBuildFile; fileRef = 483995CE191437FA0085611D /* NSManagedObject+MagicalRecord.m */; };
		4839964F191437FA0085611D /* NSManagedObject+MagicalRequests.m in Sources */ = {isa = PBXBuildFile; fileRef = 483995D0191437FA0085611D /* NSManagedObject+MagicalRequests.m */; };
		48399650191437FA0085611D /* NSManagedObjectContext+MagicalObserving.m in Sources */ = {isa = PBXBuildFile; fileRef = 483995D3191437FA0085611D /* NSManagedObjectContext+MagicalObserving.m */; };
		48399651191437FA0085611D /* NSManagedObjectContext+MagicalRecord.m in Sources */ = {isa = PBXBuildFile; fileRef = 483995D5191437FA0085611D /* NSManagedObjectContext+MagicalRecord.m */; };
		48399652191437FA0085611D /* NSManagedObjectContext+MagicalSaves.m in Sources */ = {isa = PBXBuildFile; fileRef = 483995D7191437FA0085611D /* NSManagedObjectContext+MagicalSaves.m */; };
		48399653191437FA0085611D /* NSManagedObjectContext+MagicalThreading.m in Sources */ = {isa = PBXBuildFile; fileRef = 483995D9191437FA0085611D /* NSManagedObjectContext+MagicalThreading.m */; };
		48399654191437FA0085611D /* NSManagedObjectModel+MagicalRecord.m in Sources */ = {isa = PBXBuildFile; fileRef = 483995DB191437FA0085611D /* NSManagedObjectModel+MagicalRecord.m */; };
		48399655191437FA0085611D /* NSPersistentStore+MagicalRecord.m in Sources */ = {isa = PBXBuildFile; fileRef = 483995DD191437FA0085611D /* NSPersistentStore+MagicalRecord.m */; };
		48399656191437FA0085611D /* NSPersistentStoreCoordinator+MagicalRecord.m in Sources */ = {isa = PBXBuildFile; fileRef = 483995DF191437FA0085611D /* NSPersistentStoreCoordinator+MagicalRecord.m */; };
		48399657191437FA0085611D /* MagicalRecord+Actions.m in Sources */ = {isa = PBXBuildFile; fileRef = 483995E2191437FA0085611D /* MagicalRecord+Actions.m */; };
		48399658191437FA0085611D /* MagicalRecord+ErrorHandling.m in Sources */ = {isa = PBXBuildFile; fileRef = 483995E4191437FA0085611D /* MagicalRecord+ErrorHandling.m */; };
		48399659191437FA0085611D /* MagicalRecord+iCloud.m in Sources */ = {isa = PBXBuildFile; fileRef = 483995E6191437FA0085611D /* MagicalRecord+iCloud.m */; };
		4839965A191437FA0085611D /* MagicalRecord+Options.m in Sources */ = {isa = PBXBuildFile; fileRef = 483995E8191437FA0085611D /* MagicalRecord+Options.m */; };
		4839965B191437FA0085611D /* MagicalRecord+Setup.m in Sources */ = {isa = PBXBuildFile; fileRef = 483995EA191437FA0085611D /* MagicalRecord+Setup.m */; };
		4839965C191437FA0085611D /* MagicalRecord+ShorthandSupport.m in Sources */ = {isa = PBXBuildFile; fileRef = 483995EC191437FA0085611D /* MagicalRecord+ShorthandSupport.m */; };
		4839965D191437FA0085611D /* MagicalRecord.m in Sources */ = {isa = PBXBuildFile; fileRef = 483995EE191437FA0085611D /* MagicalRecord.m */; };
		48399660191437FA0085611D /* MCCharacterCounter.m in Sources */ = {isa = PBXBuildFile; fileRef = 483995F9191437FA0085611D /* MCCharacterCounter.m */; };
		48399661191437FA0085611D /* MCImageTableViewCell.m in Sources */ = {isa = PBXBuildFile; fileRef = 483995FC191437FA0085611D /* MCImageTableViewCell.m */; };
		48399662191437FA0085611D /* MCImageTableViewCell.xib in Resources */ = {isa = PBXBuildFile; fileRef = 483995FD191437FA0085611D /* MCImageTableViewCell.xib */; };
		48399665191437FA0085611D /* MCHashtagContainer.m in Sources */ = {isa = PBXBuildFile; fileRef = 48399603191437FA0085611D /* MCHashtagContainer.m */; };
		48399666191437FA0085611D /* MCImagePreview.m in Sources */ = {isa = PBXBuildFile; fileRef = 48399606191437FA0085611D /* MCImagePreview.m */; };
		48399667191437FA0085611D /* UIImage+MCResize.m in Sources */ = {isa = PBXBuildFile; fileRef = 48399609191437FA0085611D /* UIImage+MCResize.m */; };
		48399668191437FA0085611D /* MCImageStore.m in Sources */ = {isa = PBXBuildFile; fileRef = 4839960C191437FA0085611D /* MCImageStore.m */; };
		48399669191437FA0085611D /* MCMarkdownSyntaxStorage.m in Sources */ = {isa = PBXBuildFile; fileRef = 4839960F191437FA0085611D /* MCMarkdownSyntaxStorage.m */; };
		4839966A191437FA0085611D /* MCMarkdownTextView.m in Sources */ = {isa = PBXBuildFile; fileRef = 48399611191437FA0085611D /* MCMarkdownTextView.m */; };
		4839966B191437FA0085611D /* MCMoreButton.m in Sources */ = {isa = PBXBuildFile; fileRef = 48399614191437FA0085611D /* MCMoreButton.m */; };
		4839966C191437FA0085611D /* MSCMoreOptionTableViewCell.m in Sources */ = {isa = PBXBuildFile; fileRef = 48399617191437FA0085611D /* MSCMoreOptionTableViewCell.m */; };
		4839966D191437FA0085611D /* REDActionSheet.m in Sources */ = {isa = PBXBuildFile; fileRef = 4839961B191437FA0085611D /* REDActionSheet.m */; };
		4839966E191437FA0085611D /* REDActionSheetButton.m in Sources */ = {isa = PBXBuildFile; fileRef = 4839961D191437FA0085611D /* REDActionSheetButton.m */; };
		4839966F191437FA0085611D /* RZCellSizeManager+CoreData.m in Sources */ = {isa = PBXBuildFile; fileRef = 48399620191437FA0085611D /* RZCellSizeManager+CoreData.m */; };
		48399670191437FA0085611D /* RZCellSizeManager.m in Sources */ = {isa = PBXBuildFile; fileRef = 48399622191437FA0085611D /* RZCellSizeManager.m */; };
		4839967F191437FA0085611D /* SProgressHUD.m in Sources */ = {isa = PBXBuildFile; fileRef = 48399643191437FA0085611D /* SProgressHUD.m */; };
		4839968219143A5F0085611D /* INComposeViewController.m in Sources */ = {isa = PBXBuildFile; fileRef = 4839968119143A5F0085611D /* INComposeViewController.m */; };
		4839968619143C360085611D /* KHFlatButton.m in Sources */ = {isa = PBXBuildFile; fileRef = 4839968519143C360085611D /* KHFlatButton.m */; };
		48399689191441AF0085611D /* in.notes.xcdatamodeld in Sources */ = {isa = PBXBuildFile; fileRef = 48399687191441AF0085611D /* in.notes.xcdatamodeld */; };
		4839968C1914433D0085611D /* INPost.m in Sources */ = {isa = PBXBuildFile; fileRef = 4839968B1914433D0085611D /* INPost.m */; };
		4839968F191443D00085611D /* INPost+Manage.m in Sources */ = {isa = PBXBuildFile; fileRef = 4839968E191443D00085611D /* INPost+Manage.m */; };
		48D844AF1915975200567AFA /* intro-image.png in Resources */ = {isa = PBXBuildFile; fileRef = 48D844AD1915975200567AFA /* intro-image.png */; };
		48D844B219159A2500567AFA /* intro-image-thumbnail.png in Resources */ = {isa = PBXBuildFile; fileRef = 48D844B119159A2500567AFA /* intro-image-thumbnail.png */; };
		48D844B91915A8F700567AFA /* INAttachmentContainer.m in Sources */ = {isa = PBXBuildFile; fileRef = 48D844B61915A8F700567AFA /* INAttachmentContainer.m */; };
		48D844BA1915A8F700567AFA /* INAttachmentView.m in Sources */ = {isa = PBXBuildFile; fileRef = 48D844B81915A8F700567AFA /* INAttachmentView.m */; };
/* End PBXBuildFile section */

/* Begin PBXContainerItemProxy section */
		4839959D191427D20085611D /* PBXContainerItemProxy */ = {
			isa = PBXContainerItemProxy;
			containerPortal = 48399575191427D20085611D /* Project object */;
			proxyType = 1;
			remoteGlobalIDString = 4839957C191427D20085611D;
			remoteInfo = in.notes;
		};
/* End PBXContainerItemProxy section */

/* Begin PBXFileReference section */
		4839957D191427D20085611D /* in.notes.app */ = {isa = PBXFileReference; explicitFileType = wrapper.application; includeInIndex = 0; path = in.notes.app; sourceTree = BUILT_PRODUCTS_DIR; };
		48399580191427D20085611D /* Foundation.framework */ = {isa = PBXFileReference; lastKnownFileType = wrapper.framework; name = Foundation.framework; path = System/Library/Frameworks/Foundation.framework; sourceTree = SDKROOT; };
		48399582191427D20085611D /* CoreGraphics.framework */ = {isa = PBXFileReference; lastKnownFileType = wrapper.framework; name = CoreGraphics.framework; path = System/Library/Frameworks/CoreGraphics.framework; sourceTree = SDKROOT; };
		48399584191427D20085611D /* UIKit.framework */ = {isa = PBXFileReference; lastKnownFileType = wrapper.framework; name = UIKit.framework; path = System/Library/Frameworks/UIKit.framework; sourceTree = SDKROOT; };
		48399588191427D20085611D /* in.notes-Info.plist */ = {isa = PBXFileReference; lastKnownFileType = text.plist.xml; path = "in.notes-Info.plist"; sourceTree = "<group>"; };
		4839958A191427D20085611D /* en */ = {isa = PBXFileReference; lastKnownFileType = text.plist.strings; name = en; path = en.lproj/InfoPlist.strings; sourceTree = "<group>"; };
		4839958C191427D20085611D /* main.m */ = {isa = PBXFileReference; lastKnownFileType = sourcecode.c.objc; path = main.m; sourceTree = "<group>"; };
		4839958E191427D20085611D /* in.notes-Prefix.pch */ = {isa = PBXFileReference; lastKnownFileType = sourcecode.c.h; path = "in.notes-Prefix.pch"; sourceTree = "<group>"; };
		4839958F191427D20085611D /* INAppDelegate.h */ = {isa = PBXFileReference; lastKnownFileType = sourcecode.c.h; path = INAppDelegate.h; sourceTree = "<group>"; };
		48399590191427D20085611D /* INAppDelegate.m */ = {isa = PBXFileReference; lastKnownFileType = sourcecode.c.objc; path = INAppDelegate.m; sourceTree = "<group>"; };
		48399592191427D20085611D /* Images.xcassets */ = {isa = PBXFileReference; lastKnownFileType = folder.assetcatalog; path = Images.xcassets; sourceTree = "<group>"; };
		48399598191427D20085611D /* in.notesTests.xctest */ = {isa = PBXFileReference; explicitFileType = wrapper.cfbundle; includeInIndex = 0; path = in.notesTests.xctest; sourceTree = BUILT_PRODUCTS_DIR; };
		48399599191427D20085611D /* XCTest.framework */ = {isa = PBXFileReference; lastKnownFileType = wrapper.framework; name = XCTest.framework; path = Library/Frameworks/XCTest.framework; sourceTree = DEVELOPER_DIR; };
		483995A1191427D20085611D /* in.notesTests-Info.plist */ = {isa = PBXFileReference; lastKnownFileType = text.plist.xml; path = "in.notesTests-Info.plist"; sourceTree = "<group>"; };
		483995A3191427D20085611D /* en */ = {isa = PBXFileReference; lastKnownFileType = text.plist.strings; name = en; path = en.lproj/InfoPlist.strings; sourceTree = "<group>"; };
		483995A5191427D20085611D /* in_notesTests.m */ = {isa = PBXFileReference; lastKnownFileType = sourcecode.c.objc; path = in_notesTests.m; sourceTree = "<group>"; };
		483995AF19142C060085611D /* iPhone568.storyboard */ = {isa = PBXFileReference; fileEncoding = 4; lastKnownFileType = file.storyboard; path = iPhone568.storyboard; sourceTree = "<group>"; };
		483995B119142CC20085611D /* INHomeViewController.h */ = {isa = PBXFileReference; fileEncoding = 4; lastKnownFileType = sourcecode.c.h; path = INHomeViewController.h; sourceTree = "<group>"; };
		483995B219142CC20085611D /* INHomeViewController.m */ = {isa = PBXFileReference; fileEncoding = 4; lastKnownFileType = sourcecode.c.objc; path = INHomeViewController.m; sourceTree = "<group>"; };
		483995B419142CE40085611D /* INConstants.h */ = {isa = PBXFileReference; lastKnownFileType = sourcecode.c.h; path = INConstants.h; sourceTree = "<group>"; };
		483995B8191437FA0085611D /* MagicalImportFunctions.h */ = {isa = PBXFileReference; fileEncoding = 4; lastKnownFileType = sourcecode.c.h; path = MagicalImportFunctions.h; sourceTree = "<group>"; };
		483995B9191437FA0085611D /* MagicalImportFunctions.m */ = {isa = PBXFileReference; fileEncoding = 4; lastKnownFileType = sourcecode.c.objc; path = MagicalImportFunctions.m; sourceTree = "<group>"; };
		483995BA191437FA0085611D /* NSAttributeDescription+MagicalDataImport.h */ = {isa = PBXFileReference; fileEncoding = 4; lastKnownFileType = sourcecode.c.h; path = "NSAttributeDescription+MagicalDataImport.h"; sourceTree = "<group>"; };
		483995BB191437FA0085611D /* NSAttributeDescription+MagicalDataImport.m */ = {isa = PBXFileReference; fileEncoding = 4; lastKnownFileType = sourcecode.c.objc; path = "NSAttributeDescription+MagicalDataImport.m"; sourceTree = "<group>"; };
		483995BC191437FA0085611D /* NSEntityDescription+MagicalDataImport.h */ = {isa = PBXFileReference; fileEncoding = 4; lastKnownFileType = sourcecode.c.h; path = "NSEntityDescription+MagicalDataImport.h"; sourceTree = "<group>"; };
		483995BD191437FA0085611D /* NSEntityDescription+MagicalDataImport.m */ = {isa = PBXFileReference; fileEncoding = 4; lastKnownFileType = sourcecode.c.objc; path = "NSEntityDescription+MagicalDataImport.m"; sourceTree = "<group>"; };
		483995BE191437FA0085611D /* NSNumber+MagicalDataImport.h */ = {isa = PBXFileReference; fileEncoding = 4; lastKnownFileType = sourcecode.c.h; path = "NSNumber+MagicalDataImport.h"; sourceTree = "<group>"; };
		483995BF191437FA0085611D /* NSNumber+MagicalDataImport.m */ = {isa = PBXFileReference; fileEncoding = 4; lastKnownFileType = sourcecode.c.objc; path = "NSNumber+MagicalDataImport.m"; sourceTree = "<group>"; };
		483995C0191437FA0085611D /* NSObject+MagicalDataImport.h */ = {isa = PBXFileReference; fileEncoding = 4; lastKnownFileType = sourcecode.c.h; path = "NSObject+MagicalDataImport.h"; sourceTree = "<group>"; };
		483995C1191437FA0085611D /* NSObject+MagicalDataImport.m */ = {isa = PBXFileReference; fileEncoding = 4; lastKnownFileType = sourcecode.c.objc; path = "NSObject+MagicalDataImport.m"; sourceTree = "<group>"; };
		483995C2191437FA0085611D /* NSRelationshipDescription+MagicalDataImport.h */ = {isa = PBXFileReference; fileEncoding = 4; lastKnownFileType = sourcecode.c.h; path = "NSRelationshipDescription+MagicalDataImport.h"; sourceTree = "<group>"; };
		483995C3191437FA0085611D /* NSRelationshipDescription+MagicalDataImport.m */ = {isa = PBXFileReference; fileEncoding = 4; lastKnownFileType = sourcecode.c.objc; path = "NSRelationshipDescription+MagicalDataImport.m"; sourceTree = "<group>"; };
		483995C4191437FA0085611D /* NSString+MagicalDataImport.h */ = {isa = PBXFileReference; fileEncoding = 4; lastKnownFileType = sourcecode.c.h; path = "NSString+MagicalDataImport.h"; sourceTree = "<group>"; };
		483995C5191437FA0085611D /* NSString+MagicalDataImport.m */ = {isa = PBXFileReference; fileEncoding = 4; lastKnownFileType = sourcecode.c.objc; path = "NSString+MagicalDataImport.m"; sourceTree = "<group>"; };
		483995C7191437FA0085611D /* NSManagedObject+MagicalAggregation.h */ = {isa = PBXFileReference; fileEncoding = 4; lastKnownFileType = sourcecode.c.h; path = "NSManagedObject+MagicalAggregation.h"; sourceTree = "<group>"; };
		483995C8191437FA0085611D /* NSManagedObject+MagicalAggregation.m */ = {isa = PBXFileReference; fileEncoding = 4; lastKnownFileType = sourcecode.c.objc; path = "NSManagedObject+MagicalAggregation.m"; sourceTree = "<group>"; };
		483995C9191437FA0085611D /* NSManagedObject+MagicalDataImport.h */ = {isa = PBXFileReference; fileEncoding = 4; lastKnownFileType = sourcecode.c.h; path = "NSManagedObject+MagicalDataImport.h"; sourceTree = "<group>"; };
		483995CA191437FA0085611D /* NSManagedObject+MagicalDataImport.m */ = {isa = PBXFileReference; fileEncoding = 4; lastKnownFileType = sourcecode.c.objc; path = "NSManagedObject+MagicalDataImport.m"; sourceTree = "<group>"; };
		483995CB191437FA0085611D /* NSManagedObject+MagicalFinders.h */ = {isa = PBXFileReference; fileEncoding = 4; lastKnownFileType = sourcecode.c.h; path = "NSManagedObject+MagicalFinders.h"; sourceTree = "<group>"; };
		483995CC191437FA0085611D /* NSManagedObject+MagicalFinders.m */ = {isa = PBXFileReference; fileEncoding = 4; lastKnownFileType = sourcecode.c.objc; path = "NSManagedObject+MagicalFinders.m"; sourceTree = "<group>"; };
		483995CD191437FA0085611D /* NSManagedObject+MagicalRecord.h */ = {isa = PBXFileReference; fileEncoding = 4; lastKnownFileType = sourcecode.c.h; path = "NSManagedObject+MagicalRecord.h"; sourceTree = "<group>"; };
		483995CE191437FA0085611D /* NSManagedObject+MagicalRecord.m */ = {isa = PBXFileReference; fileEncoding = 4; lastKnownFileType = sourcecode.c.objc; path = "NSManagedObject+MagicalRecord.m"; sourceTree = "<group>"; };
		483995CF191437FA0085611D /* NSManagedObject+MagicalRequests.h */ = {isa = PBXFileReference; fileEncoding = 4; lastKnownFileType = sourcecode.c.h; path = "NSManagedObject+MagicalRequests.h"; sourceTree = "<group>"; };
		483995D0191437FA0085611D /* NSManagedObject+MagicalRequests.m */ = {isa = PBXFileReference; fileEncoding = 4; lastKnownFileType = sourcecode.c.objc; path = "NSManagedObject+MagicalRequests.m"; sourceTree = "<group>"; };
		483995D2191437FA0085611D /* NSManagedObjectContext+MagicalObserving.h */ = {isa = PBXFileReference; fileEncoding = 4; lastKnownFileType = sourcecode.c.h; path = "NSManagedObjectContext+MagicalObserving.h"; sourceTree = "<group>"; };
		483995D3191437FA0085611D /* NSManagedObjectContext+MagicalObserving.m */ = {isa = PBXFileReference; fileEncoding = 4; lastKnownFileType = sourcecode.c.objc; path = "NSManagedObjectContext+MagicalObserving.m"; sourceTree = "<group>"; };
		483995D4191437FA0085611D /* NSManagedObjectContext+MagicalRecord.h */ = {isa = PBXFileReference; fileEncoding = 4; lastKnownFileType = sourcecode.c.h; path = "NSManagedObjectContext+MagicalRecord.h"; sourceTree = "<group>"; };
		483995D5191437FA0085611D /* NSManagedObjectContext+MagicalRecord.m */ = {isa = PBXFileReference; fileEncoding = 4; lastKnownFileType = sourcecode.c.objc; path = "NSManagedObjectContext+MagicalRecord.m"; sourceTree = "<group>"; };
		483995D6191437FA0085611D /* NSManagedObjectContext+MagicalSaves.h */ = {isa = PBXFileReference; fileEncoding = 4; lastKnownFileType = sourcecode.c.h; path = "NSManagedObjectContext+MagicalSaves.h"; sourceTree = "<group>"; };
		483995D7191437FA0085611D /* NSManagedObjectContext+MagicalSaves.m */ = {isa = PBXFileReference; fileEncoding = 4; lastKnownFileType = sourcecode.c.objc; path = "NSManagedObjectContext+MagicalSaves.m"; sourceTree = "<group>"; };
		483995D8191437FA0085611D /* NSManagedObjectContext+MagicalThreading.h */ = {isa = PBXFileReference; fileEncoding = 4; lastKnownFileType = sourcecode.c.h; path = "NSManagedObjectContext+MagicalThreading.h"; sourceTree = "<group>"; };
		483995D9191437FA0085611D /* NSManagedObjectContext+MagicalThreading.m */ = {isa = PBXFileReference; fileEncoding = 4; lastKnownFileType = sourcecode.c.objc; path = "NSManagedObjectContext+MagicalThreading.m"; sourceTree = "<group>"; };
		483995DA191437FA0085611D /* NSManagedObjectModel+MagicalRecord.h */ = {isa = PBXFileReference; fileEncoding = 4; lastKnownFileType = sourcecode.c.h; path = "NSManagedObjectModel+MagicalRecord.h"; sourceTree = "<group>"; };
		483995DB191437FA0085611D /* NSManagedObjectModel+MagicalRecord.m */ = {isa = PBXFileReference; fileEncoding = 4; lastKnownFileType = sourcecode.c.objc; path = "NSManagedObjectModel+MagicalRecord.m"; sourceTree = "<group>"; };
		483995DC191437FA0085611D /* NSPersistentStore+MagicalRecord.h */ = {isa = PBXFileReference; fileEncoding = 4; lastKnownFileType = sourcecode.c.h; path = "NSPersistentStore+MagicalRecord.h"; sourceTree = "<group>"; };
		483995DD191437FA0085611D /* NSPersistentStore+MagicalRecord.m */ = {isa = PBXFileReference; fileEncoding = 4; lastKnownFileType = sourcecode.c.objc; path = "NSPersistentStore+MagicalRecord.m"; sourceTree = "<group>"; };
		483995DE191437FA0085611D /* NSPersistentStoreCoordinator+MagicalRecord.h */ = {isa = PBXFileReference; fileEncoding = 4; lastKnownFileType = sourcecode.c.h; path = "NSPersistentStoreCoordinator+MagicalRecord.h"; sourceTree = "<group>"; };
		483995DF191437FA0085611D /* NSPersistentStoreCoordinator+MagicalRecord.m */ = {isa = PBXFileReference; fileEncoding = 4; lastKnownFileType = sourcecode.c.objc; path = "NSPersistentStoreCoordinator+MagicalRecord.m"; sourceTree = "<group>"; };
		483995E1191437FA0085611D /* MagicalRecord+Actions.h */ = {isa = PBXFileReference; fileEncoding = 4; lastKnownFileType = sourcecode.c.h; path = "MagicalRecord+Actions.h"; sourceTree = "<group>"; };
		483995E2191437FA0085611D /* MagicalRecord+Actions.m */ = {isa = PBXFileReference; fileEncoding = 4; lastKnownFileType = sourcecode.c.objc; path = "MagicalRecord+Actions.m"; sourceTree = "<group>"; };
		483995E3191437FA0085611D /* MagicalRecord+ErrorHandling.h */ = {isa = PBXFileReference; fileEncoding = 4; lastKnownFileType = sourcecode.c.h; path = "MagicalRecord+ErrorHandling.h"; sourceTree = "<group>"; };
		483995E4191437FA0085611D /* MagicalRecord+ErrorHandling.m */ = {isa = PBXFileReference; fileEncoding = 4; lastKnownFileType = sourcecode.c.objc; path = "MagicalRecord+ErrorHandling.m"; sourceTree = "<group>"; };
		483995E5191437FA0085611D /* MagicalRecord+iCloud.h */ = {isa = PBXFileReference; fileEncoding = 4; lastKnownFileType = sourcecode.c.h; path = "MagicalRecord+iCloud.h"; sourceTree = "<group>"; };
		483995E6191437FA0085611D /* MagicalRecord+iCloud.m */ = {isa = PBXFileReference; fileEncoding = 4; lastKnownFileType = sourcecode.c.objc; path = "MagicalRecord+iCloud.m"; sourceTree = "<group>"; };
		483995E7191437FA0085611D /* MagicalRecord+Options.h */ = {isa = PBXFileReference; fileEncoding = 4; lastKnownFileType = sourcecode.c.h; path = "MagicalRecord+Options.h"; sourceTree = "<group>"; };
		483995E8191437FA0085611D /* MagicalRecord+Options.m */ = {isa = PBXFileReference; fileEncoding = 4; lastKnownFileType = sourcecode.c.objc; path = "MagicalRecord+Options.m"; sourceTree = "<group>"; };
		483995E9191437FA0085611D /* MagicalRecord+Setup.h */ = {isa = PBXFileReference; fileEncoding = 4; lastKnownFileType = sourcecode.c.h; path = "MagicalRecord+Setup.h"; sourceTree = "<group>"; };
		483995EA191437FA0085611D /* MagicalRecord+Setup.m */ = {isa = PBXFileReference; fileEncoding = 4; lastKnownFileType = sourcecode.c.objc; path = "MagicalRecord+Setup.m"; sourceTree = "<group>"; };
		483995EB191437FA0085611D /* MagicalRecord+ShorthandSupport.h */ = {isa = PBXFileReference; fileEncoding = 4; lastKnownFileType = sourcecode.c.h; path = "MagicalRecord+ShorthandSupport.h"; sourceTree = "<group>"; };
		483995EC191437FA0085611D /* MagicalRecord+ShorthandSupport.m */ = {isa = PBXFileReference; fileEncoding = 4; lastKnownFileType = sourcecode.c.objc; path = "MagicalRecord+ShorthandSupport.m"; sourceTree = "<group>"; };
		483995ED191437FA0085611D /* MagicalRecord.h */ = {isa = PBXFileReference; fileEncoding = 4; lastKnownFileType = sourcecode.c.h; path = MagicalRecord.h; sourceTree = "<group>"; };
		483995EE191437FA0085611D /* MagicalRecord.m */ = {isa = PBXFileReference; fileEncoding = 4; lastKnownFileType = sourcecode.c.objc; path = MagicalRecord.m; sourceTree = "<group>"; };
		483995EF191437FA0085611D /* MagicalRecordShorthand.h */ = {isa = PBXFileReference; fileEncoding = 4; lastKnownFileType = sourcecode.c.h; path = MagicalRecordShorthand.h; sourceTree = "<group>"; };
		483995F0191437FA0085611D /* CoreData+MagicalRecord.h */ = {isa = PBXFileReference; fileEncoding = 4; lastKnownFileType = sourcecode.c.h; path = "CoreData+MagicalRecord.h"; sourceTree = "<group>"; };
		483995F1191437FA0085611D /* MagicalRecordVersion.h */ = {isa = PBXFileReference; fileEncoding = 4; lastKnownFileType = sourcecode.c.h; path = MagicalRecordVersion.h; sourceTree = "<group>"; };
		483995F8191437FA0085611D /* MCCharacterCounter.h */ = {isa = PBXFileReference; fileEncoding = 4; lastKnownFileType = sourcecode.c.h; path = MCCharacterCounter.h; sourceTree = "<group>"; };
		483995F9191437FA0085611D /* MCCharacterCounter.m */ = {isa = PBXFileReference; fileEncoding = 4; lastKnownFileType = sourcecode.c.objc; path = MCCharacterCounter.m; sourceTree = "<group>"; };
		483995FB191437FA0085611D /* MCImageTableViewCell.h */ = {isa = PBXFileReference; fileEncoding = 4; lastKnownFileType = sourcecode.c.h; path = MCImageTableViewCell.h; sourceTree = "<group>"; };
		483995FC191437FA0085611D /* MCImageTableViewCell.m */ = {isa = PBXFileReference; fileEncoding = 4; lastKnownFileType = sourcecode.c.objc; path = MCImageTableViewCell.m; sourceTree = "<group>"; };
		483995FD191437FA0085611D /* MCImageTableViewCell.xib */ = {isa = PBXFileReference; fileEncoding = 4; lastKnownFileType = file.xib; path = MCImageTableViewCell.xib; sourceTree = "<group>"; };
		48399602191437FA0085611D /* MCHashtagContainer.h */ = {isa = PBXFileReference; fileEncoding = 4; lastKnownFileType = sourcecode.c.h; path = MCHashtagContainer.h; sourceTree = "<group>"; };
		48399603191437FA0085611D /* MCHashtagContainer.m */ = {isa = PBXFileReference; fileEncoding = 4; lastKnownFileType = sourcecode.c.objc; path = MCHashtagContainer.m; sourceTree = "<group>"; };
		48399605191437FA0085611D /* MCImagePreview.h */ = {isa = PBXFileReference; fileEncoding = 4; lastKnownFileType = sourcecode.c.h; path = MCImagePreview.h; sourceTree = "<group>"; };
		48399606191437FA0085611D /* MCImagePreview.m */ = {isa = PBXFileReference; fileEncoding = 4; lastKnownFileType = sourcecode.c.objc; path = MCImagePreview.m; sourceTree = "<group>"; };
		48399608191437FA0085611D /* UIImage+MCResize.h */ = {isa = PBXFileReference; fileEncoding = 4; lastKnownFileType = sourcecode.c.h; path = "UIImage+MCResize.h"; sourceTree = "<group>"; };
		48399609191437FA0085611D /* UIImage+MCResize.m */ = {isa = PBXFileReference; fileEncoding = 4; lastKnownFileType = sourcecode.c.objc; path = "UIImage+MCResize.m"; sourceTree = "<group>"; };
		4839960B191437FA0085611D /* MCImageStore.h */ = {isa = PBXFileReference; fileEncoding = 4; lastKnownFileType = sourcecode.c.h; path = MCImageStore.h; sourceTree = "<group>"; };
		4839960C191437FA0085611D /* MCImageStore.m */ = {isa = PBXFileReference; fileEncoding = 4; lastKnownFileType = sourcecode.c.objc; path = MCImageStore.m; sourceTree = "<group>"; };
		4839960E191437FA0085611D /* MCMarkdownSyntaxStorage.h */ = {isa = PBXFileReference; fileEncoding = 4; lastKnownFileType = sourcecode.c.h; path = MCMarkdownSyntaxStorage.h; sourceTree = "<group>"; };
		4839960F191437FA0085611D /* MCMarkdownSyntaxStorage.m */ = {isa = PBXFileReference; fileEncoding = 4; lastKnownFileType = sourcecode.c.objc; path = MCMarkdownSyntaxStorage.m; sourceTree = "<group>"; };
		48399610191437FA0085611D /* MCMarkdownTextView.h */ = {isa = PBXFileReference; fileEncoding = 4; lastKnownFileType = sourcecode.c.h; path = MCMarkdownTextView.h; sourceTree = "<group>"; };
		48399611191437FA0085611D /* MCMarkdownTextView.m */ = {isa = PBXFileReference; fileEncoding = 4; lastKnownFileType = sourcecode.c.objc; path = MCMarkdownTextView.m; sourceTree = "<group>"; };
		48399613191437FA0085611D /* MCMoreButton.h */ = {isa = PBXFileReference; fileEncoding = 4; lastKnownFileType = sourcecode.c.h; path = MCMoreButton.h; sourceTree = "<group>"; };
		48399614191437FA0085611D /* MCMoreButton.m */ = {isa = PBXFileReference; fileEncoding = 4; lastKnownFileType = sourcecode.c.objc; path = MCMoreButton.m; sourceTree = "<group>"; };
		48399616191437FA0085611D /* MSCMoreOptionTableViewCell.h */ = {isa = PBXFileReference; fileEncoding = 4; lastKnownFileType = sourcecode.c.h; path = MSCMoreOptionTableViewCell.h; sourceTree = "<group>"; };
		48399617191437FA0085611D /* MSCMoreOptionTableViewCell.m */ = {isa = PBXFileReference; fileEncoding = 4; lastKnownFileType = sourcecode.c.objc; path = MSCMoreOptionTableViewCell.m; sourceTree = "<group>"; };
		48399618191437FA0085611D /* MSCMoreOptionTableViewCellDelegate.h */ = {isa = PBXFileReference; fileEncoding = 4; lastKnownFileType = sourcecode.c.h; path = MSCMoreOptionTableViewCellDelegate.h; sourceTree = "<group>"; };
		4839961A191437FA0085611D /* REDActionSheet.h */ = {isa = PBXFileReference; fileEncoding = 4; lastKnownFileType = sourcecode.c.h; path = REDActionSheet.h; sourceTree = "<group>"; };
		4839961B191437FA0085611D /* REDActionSheet.m */ = {isa = PBXFileReference; fileEncoding = 4; lastKnownFileType = sourcecode.c.objc; path = REDActionSheet.m; sourceTree = "<group>"; };
		4839961C191437FA0085611D /* REDActionSheetButton.h */ = {isa = PBXFileReference; fileEncoding = 4; lastKnownFileType = sourcecode.c.h; path = REDActionSheetButton.h; sourceTree = "<group>"; };
		4839961D191437FA0085611D /* REDActionSheetButton.m */ = {isa = PBXFileReference; fileEncoding = 4; lastKnownFileType = sourcecode.c.objc; path = REDActionSheetButton.m; sourceTree = "<group>"; };
		4839961F191437FA0085611D /* RZCellSizeManager+CoreData.h */ = {isa = PBXFileReference; fileEncoding = 4; lastKnownFileType = sourcecode.c.h; path = "RZCellSizeManager+CoreData.h"; sourceTree = "<group>"; };
		48399620191437FA0085611D /* RZCellSizeManager+CoreData.m */ = {isa = PBXFileReference; fileEncoding = 4; lastKnownFileType = sourcecode.c.objc; path = "RZCellSizeManager+CoreData.m"; sourceTree = "<group>"; };
		48399621191437FA0085611D /* RZCellSizeManager.h */ = {isa = PBXFileReference; fileEncoding = 4; lastKnownFileType = sourcecode.c.h; path = RZCellSizeManager.h; sourceTree = "<group>"; };
		48399622191437FA0085611D /* RZCellSizeManager.m */ = {isa = PBXFileReference; fileEncoding = 4; lastKnownFileType = sourcecode.c.objc; path = RZCellSizeManager.m; sourceTree = "<group>"; };
		48399642191437FA0085611D /* SProgressHUD.h */ = {isa = PBXFileReference; fileEncoding = 4; lastKnownFileType = sourcecode.c.h; path = SProgressHUD.h; sourceTree = "<group>"; };
		48399643191437FA0085611D /* SProgressHUD.m */ = {isa = PBXFileReference; fileEncoding = 4; lastKnownFileType = sourcecode.c.objc; path = SProgressHUD.m; sourceTree = "<group>"; };
		4839968019143A5F0085611D /* INComposeViewController.h */ = {isa = PBXFileReference; fileEncoding = 4; lastKnownFileType = sourcecode.c.h; path = INComposeViewController.h; sourceTree = "<group>"; };
		4839968119143A5F0085611D /* INComposeViewController.m */ = {isa = PBXFileReference; fileEncoding = 4; lastKnownFileType = sourcecode.c.objc; path = INComposeViewController.m; sourceTree = "<group>"; };
		4839968419143C360085611D /* KHFlatButton.h */ = {isa = PBXFileReference; fileEncoding = 4; lastKnownFileType = sourcecode.c.h; path = KHFlatButton.h; sourceTree = "<group>"; };
		4839968519143C360085611D /* KHFlatButton.m */ = {isa = PBXFileReference; fileEncoding = 4; lastKnownFileType = sourcecode.c.objc; path = KHFlatButton.m; sourceTree = "<group>"; };
		48399688191441AF0085611D /* in.notes.xcdatamodel */ = {isa = PBXFileReference; lastKnownFileType = wrapper.xcdatamodel; path = in.notes.xcdatamodel; sourceTree = "<group>"; };
		4839968A1914433D0085611D /* INPost.h */ = {isa = PBXFileReference; fileEncoding = 4; lastKnownFileType = sourcecode.c.h; path = INPost.h; sourceTree = "<group>"; };
		4839968B1914433D0085611D /* INPost.m */ = {isa = PBXFileReference; fileEncoding = 4; lastKnownFileType = sourcecode.c.objc; path = INPost.m; sourceTree = "<group>"; };
		4839968D191443D00085611D /* INPost+Manage.h */ = {isa = PBXFileReference; fileEncoding = 4; lastKnownFileType = sourcecode.c.h; path = "INPost+Manage.h"; sourceTree = "<group>"; };
		4839968E191443D00085611D /* INPost+Manage.m */ = {isa = PBXFileReference; fileEncoding = 4; lastKnownFileType = sourcecode.c.objc; path = "INPost+Manage.m"; sourceTree = "<group>"; };
		48D844AD1915975200567AFA /* intro-image.png */ = {isa = PBXFileReference; lastKnownFileType = image.png; path = "intro-image.png"; sourceTree = "<group>"; };
		48D844B119159A2500567AFA /* intro-image-thumbnail.png */ = {isa = PBXFileReference; lastKnownFileType = image.png; path = "intro-image-thumbnail.png"; sourceTree = "<group>"; };
		48D844B51915A8F700567AFA /* INAttachmentContainer.h */ = {isa = PBXFileReference; fileEncoding = 4; lastKnownFileType = sourcecode.c.h; path = INAttachmentContainer.h; sourceTree = "<group>"; };
		48D844B61915A8F700567AFA /* INAttachmentContainer.m */ = {isa = PBXFileReference; fileEncoding = 4; lastKnownFileType = sourcecode.c.objc; path = INAttachmentContainer.m; sourceTree = "<group>"; };
		48D844B71915A8F700567AFA /* INAttachmentView.h */ = {isa = PBXFileReference; fileEncoding = 4; lastKnownFileType = sourcecode.c.h; path = INAttachmentView.h; sourceTree = "<group>"; };
		48D844B81915A8F700567AFA /* INAttachmentView.m */ = {isa = PBXFileReference; fileEncoding = 4; lastKnownFileType = sourcecode.c.objc; path = INAttachmentView.m; sourceTree = "<group>"; };
/* End PBXFileReference section */

/* Begin PBXFrameworksBuildPhase section */
		4839957A191427D20085611D /* Frameworks */ = {
			isa = PBXFrameworksBuildPhase;
			buildActionMask = 2147483647;
			files = (
				48399583191427D20085611D /* CoreGraphics.framework in Frameworks */,
				48399585191427D20085611D /* UIKit.framework in Frameworks */,
				48399581191427D20085611D /* Foundation.framework in Frameworks */,
			);
			runOnlyForDeploymentPostprocessing = 0;
		};
		48399595191427D20085611D /* Frameworks */ = {
			isa = PBXFrameworksBuildPhase;
			buildActionMask = 2147483647;
			files = (
				4839959A191427D20085611D /* XCTest.framework in Frameworks */,
				4839959C191427D20085611D /* UIKit.framework in Frameworks */,
				4839959B191427D20085611D /* Foundation.framework in Frameworks */,
			);
			runOnlyForDeploymentPostprocessing = 0;
		};
/* End PBXFrameworksBuildPhase section */

/* Begin PBXGroup section */
		48399574191427D20085611D = {
			isa = PBXGroup;
			children = (
				48399586191427D20085611D /* in.notes */,
				4839959F191427D20085611D /* in.notesTests */,
				4839957F191427D20085611D /* Frameworks */,
				4839957E191427D20085611D /* Products */,
			);
			sourceTree = "<group>";
		};
		4839957E191427D20085611D /* Products */ = {
			isa = PBXGroup;
			children = (
				4839957D191427D20085611D /* in.notes.app */,
				48399598191427D20085611D /* in.notesTests.xctest */,
			);
			name = Products;
			sourceTree = "<group>";
		};
		4839957F191427D20085611D /* Frameworks */ = {
			isa = PBXGroup;
			children = (
				48399580191427D20085611D /* Foundation.framework */,
				48399582191427D20085611D /* CoreGraphics.framework */,
				48399584191427D20085611D /* UIKit.framework */,
				48399599191427D20085611D /* XCTest.framework */,
			);
			name = Frameworks;
			sourceTree = "<group>";
		};
		48399586191427D20085611D /* in.notes */ = {
			isa = PBXGroup;
			children = (
				483995B419142CE40085611D /* INConstants.h */,
				4839958F191427D20085611D /* INAppDelegate.h */,
				48399590191427D20085611D /* INAppDelegate.m */,
				483995AF19142C060085611D /* iPhone568.storyboard */,
				483995B119142CC20085611D /* INHomeViewController.h */,
				483995B219142CC20085611D /* INHomeViewController.m */,
				4839968019143A5F0085611D /* INComposeViewController.h */,
				4839968119143A5F0085611D /* INComposeViewController.m */,
				48399690191443D70085611D /* Core Data */,
				48399592191427D20085611D /* Images.xcassets */,
				48399587191427D20085611D /* Supporting Files */,
			);
			path = in.notes;
			sourceTree = "<group>";
		};
		48399587191427D20085611D /* Supporting Files */ = {
			isa = PBXGroup;
			children = (
				48D844AC1915975200567AFA /* INBootsrtapData */,
				48D844B41915A8F700567AFA /* INAttachmentContainer */,
				483995F7191437FA0085611D /* MCCharacterCounter */,
				483995FA191437FA0085611D /* MCFeedCell */,
				48399601191437FA0085611D /* MCHashtagContainer */,
				48399604191437FA0085611D /* MCImagePreview */,
				48399607191437FA0085611D /* MCImageResize */,
				4839960A191437FA0085611D /* MCImageStore */,
				4839960D191437FA0085611D /* MCMarkdownTextView */,
				48399612191437FA0085611D /* MCMoreButton */,
				4839958E191427D20085611D /* in.notes-Prefix.pch */,
				48399588191427D20085611D /* in.notes-Info.plist */,
				48399589191427D20085611D /* InfoPlist.strings */,
				4839958C191427D20085611D /* main.m */,
				48D844B31915A82400567AFA /* Other */,
			);
			name = "Supporting Files";
			sourceTree = "<group>";
		};
		4839959F191427D20085611D /* in.notesTests */ = {
			isa = PBXGroup;
			children = (
				483995A5191427D20085611D /* in_notesTests.m */,
				483995A0191427D20085611D /* Supporting Files */,
			);
			path = in.notesTests;
			sourceTree = "<group>";
		};
		483995A0191427D20085611D /* Supporting Files */ = {
			isa = PBXGroup;
			children = (
				483995A1191427D20085611D /* in.notesTests-Info.plist */,
				483995A2191427D20085611D /* InfoPlist.strings */,
			);
			name = "Supporting Files";
			sourceTree = "<group>";
		};
		483995B5191437FA0085611D /* MagicalRecord */ = {
			isa = PBXGroup;
			children = (
				483995B6191437FA0085611D /* Categories */,
				483995E0191437FA0085611D /* Core */,
				483995F0191437FA0085611D /* CoreData+MagicalRecord.h */,
				483995F1191437FA0085611D /* MagicalRecordVersion.h */,
			);
			path = MagicalRecord;
			sourceTree = "<group>";
		};
		483995B6191437FA0085611D /* Categories */ = {
			isa = PBXGroup;
			children = (
				483995B7191437FA0085611D /* DataImport */,
				483995C6191437FA0085611D /* NSManagedObject */,
				483995D1191437FA0085611D /* NSManagedObjectContext */,
				483995DA191437FA0085611D /* NSManagedObjectModel+MagicalRecord.h */,
				483995DB191437FA0085611D /* NSManagedObjectModel+MagicalRecord.m */,
				483995DC191437FA0085611D /* NSPersistentStore+MagicalRecord.h */,
				483995DD191437FA0085611D /* NSPersistentStore+MagicalRecord.m */,
				483995DE191437FA0085611D /* NSPersistentStoreCoordinator+MagicalRecord.h */,
				483995DF191437FA0085611D /* NSPersistentStoreCoordinator+MagicalRecord.m */,
			);
			path = Categories;
			sourceTree = "<group>";
		};
		483995B7191437FA0085611D /* DataImport */ = {
			isa = PBXGroup;
			children = (
				483995B8191437FA0085611D /* MagicalImportFunctions.h */,
				483995B9191437FA0085611D /* MagicalImportFunctions.m */,
				483995BA191437FA0085611D /* NSAttributeDescription+MagicalDataImport.h */,
				483995BB191437FA0085611D /* NSAttributeDescription+MagicalDataImport.m */,
				483995BC191437FA0085611D /* NSEntityDescription+MagicalDataImport.h */,
				483995BD191437FA0085611D /* NSEntityDescription+MagicalDataImport.m */,
				483995BE191437FA0085611D /* NSNumber+MagicalDataImport.h */,
				483995BF191437FA0085611D /* NSNumber+MagicalDataImport.m */,
				483995C0191437FA0085611D /* NSObject+MagicalDataImport.h */,
				483995C1191437FA0085611D /* NSObject+MagicalDataImport.m */,
				483995C2191437FA0085611D /* NSRelationshipDescription+MagicalDataImport.h */,
				483995C3191437FA0085611D /* NSRelationshipDescription+MagicalDataImport.m */,
				483995C4191437FA0085611D /* NSString+MagicalDataImport.h */,
				483995C5191437FA0085611D /* NSString+MagicalDataImport.m */,
			);
			path = DataImport;
			sourceTree = "<group>";
		};
		483995C6191437FA0085611D /* NSManagedObject */ = {
			isa = PBXGroup;
			children = (
				483995C7191437FA0085611D /* NSManagedObject+MagicalAggregation.h */,
				483995C8191437FA0085611D /* NSManagedObject+MagicalAggregation.m */,
				483995C9191437FA0085611D /* NSManagedObject+MagicalDataImport.h */,
				483995CA191437FA0085611D /* NSManagedObject+MagicalDataImport.m */,
				483995CB191437FA0085611D /* NSManagedObject+MagicalFinders.h */,
				483995CC191437FA0085611D /* NSManagedObject+MagicalFinders.m */,
				483995CD191437FA0085611D /* NSManagedObject+MagicalRecord.h */,
				483995CE191437FA0085611D /* NSManagedObject+MagicalRecord.m */,
				483995CF191437FA0085611D /* NSManagedObject+MagicalRequests.h */,
				483995D0191437FA0085611D /* NSManagedObject+MagicalRequests.m */,
			);
			path = NSManagedObject;
			sourceTree = "<group>";
		};
		483995D1191437FA0085611D /* NSManagedObjectContext */ = {
			isa = PBXGroup;
			children = (
				483995D2191437FA0085611D /* NSManagedObjectContext+MagicalObserving.h */,
				483995D3191437FA0085611D /* NSManagedObjectContext+MagicalObserving.m */,
				483995D4191437FA0085611D /* NSManagedObjectContext+MagicalRecord.h */,
				483995D5191437FA0085611D /* NSManagedObjectContext+MagicalRecord.m */,
				483995D6191437FA0085611D /* NSManagedObjectContext+MagicalSaves.h */,
				483995D7191437FA0085611D /* NSManagedObjectContext+MagicalSaves.m */,
				483995D8191437FA0085611D /* NSManagedObjectContext+MagicalThreading.h */,
				483995D9191437FA0085611D /* NSManagedObjectContext+MagicalThreading.m */,
			);
			path = NSManagedObjectContext;
			sourceTree = "<group>";
		};
		483995E0191437FA0085611D /* Core */ = {
			isa = PBXGroup;
			children = (
				483995E1191437FA0085611D /* MagicalRecord+Actions.h */,
				483995E2191437FA0085611D /* MagicalRecord+Actions.m */,
				483995E3191437FA0085611D /* MagicalRecord+ErrorHandling.h */,
				483995E4191437FA0085611D /* MagicalRecord+ErrorHandling.m */,
				483995E5191437FA0085611D /* MagicalRecord+iCloud.h */,
				483995E6191437FA0085611D /* MagicalRecord+iCloud.m */,
				483995E7191437FA0085611D /* MagicalRecord+Options.h */,
				483995E8191437FA0085611D /* MagicalRecord+Options.m */,
				483995E9191437FA0085611D /* MagicalRecord+Setup.h */,
				483995EA191437FA0085611D /* MagicalRecord+Setup.m */,
				483995EB191437FA0085611D /* MagicalRecord+ShorthandSupport.h */,
				483995EC191437FA0085611D /* MagicalRecord+ShorthandSupport.m */,
				483995ED191437FA0085611D /* MagicalRecord.h */,
				483995EE191437FA0085611D /* MagicalRecord.m */,
				483995EF191437FA0085611D /* MagicalRecordShorthand.h */,
			);
			path = Core;
			sourceTree = "<group>";
		};
		483995F7191437FA0085611D /* MCCharacterCounter */ = {
			isa = PBXGroup;
			children = (
				483995F8191437FA0085611D /* MCCharacterCounter.h */,
				483995F9191437FA0085611D /* MCCharacterCounter.m */,
			);
			path = MCCharacterCounter;
			sourceTree = "<group>";
		};
		483995FA191437FA0085611D /* MCFeedCell */ = {
			isa = PBXGroup;
			children = (
				483995FB191437FA0085611D /* MCImageTableViewCell.h */,
				483995FC191437FA0085611D /* MCImageTableViewCell.m */,
				483995FD191437FA0085611D /* MCImageTableViewCell.xib */,
			);
			path = MCFeedCell;
			sourceTree = "<group>";
		};
		48399601191437FA0085611D /* MCHashtagContainer */ = {
			isa = PBXGroup;
			children = (
				48399602191437FA0085611D /* MCHashtagContainer.h */,
				48399603191437FA0085611D /* MCHashtagContainer.m */,
			);
			path = MCHashtagContainer;
			sourceTree = "<group>";
		};
		48399604191437FA0085611D /* MCImagePreview */ = {
			isa = PBXGroup;
			children = (
				48399605191437FA0085611D /* MCImagePreview.h */,
				48399606191437FA0085611D /* MCImagePreview.m */,
			);
			path = MCImagePreview;
			sourceTree = "<group>";
		};
		48399607191437FA0085611D /* MCImageResize */ = {
			isa = PBXGroup;
			children = (
				48399608191437FA0085611D /* UIImage+MCResize.h */,
				48399609191437FA0085611D /* UIImage+MCResize.m */,
			);
			path = MCImageResize;
			sourceTree = "<group>";
		};
		4839960A191437FA0085611D /* MCImageStore */ = {
			isa = PBXGroup;
			children = (
				4839960B191437FA0085611D /* MCImageStore.h */,
				4839960C191437FA0085611D /* MCImageStore.m */,
			);
			path = MCImageStore;
			sourceTree = "<group>";
		};
		4839960D191437FA0085611D /* MCMarkdownTextView */ = {
			isa = PBXGroup;
			children = (
				4839960E191437FA0085611D /* MCMarkdownSyntaxStorage.h */,
				4839960F191437FA0085611D /* MCMarkdownSyntaxStorage.m */,
				48399610191437FA0085611D /* MCMarkdownTextView.h */,
				48399611191437FA0085611D /* MCMarkdownTextView.m */,
			);
			path = MCMarkdownTextView;
			sourceTree = "<group>";
		};
		48399612191437FA0085611D /* MCMoreButton */ = {
			isa = PBXGroup;
			children = (
				48399613191437FA0085611D /* MCMoreButton.h */,
				48399614191437FA0085611D /* MCMoreButton.m */,
			);
			path = MCMoreButton;
			sourceTree = "<group>";
		};
		48399615191437FA0085611D /* MSCMoreOptionTableViewCell */ = {
			isa = PBXGroup;
			children = (
				48399616191437FA0085611D /* MSCMoreOptionTableViewCell.h */,
				48399617191437FA0085611D /* MSCMoreOptionTableViewCell.m */,
				48399618191437FA0085611D /* MSCMoreOptionTableViewCellDelegate.h */,
			);
			path = MSCMoreOptionTableViewCell;
			sourceTree = "<group>";
		};
		48399619191437FA0085611D /* REDActionSheet */ = {
			isa = PBXGroup;
			children = (
				4839961A191437FA0085611D /* REDActionSheet.h */,
				4839961B191437FA0085611D /* REDActionSheet.m */,
				4839961C191437FA0085611D /* REDActionSheetButton.h */,
				4839961D191437FA0085611D /* REDActionSheetButton.m */,
			);
			path = REDActionSheet;
			sourceTree = "<group>";
		};
		4839961E191437FA0085611D /* RZCellSizeManager */ = {
			isa = PBXGroup;
			children = (
				4839961F191437FA0085611D /* RZCellSizeManager+CoreData.h */,
				48399620191437FA0085611D /* RZCellSizeManager+CoreData.m */,
				48399621191437FA0085611D /* RZCellSizeManager.h */,
				48399622191437FA0085611D /* RZCellSizeManager.m */,
			);
			path = RZCellSizeManager;
			sourceTree = "<group>";
		};
		48399641191437FA0085611D /* SProgressHUD */ = {
			isa = PBXGroup;
			children = (
				48399642191437FA0085611D /* SProgressHUD.h */,
				48399643191437FA0085611D /* SProgressHUD.m */,
			);
			path = SProgressHUD;
			sourceTree = "<group>";
		};
		4839968319143C360085611D /* KHFlatButton */ = {
			isa = PBXGroup;
			children = (
				4839968419143C360085611D /* KHFlatButton.h */,
				4839968519143C360085611D /* KHFlatButton.m */,
			);
			path = KHFlatButton;
			sourceTree = "<group>";
		};
		48399690191443D70085611D /* Core Data */ = {
			isa = PBXGroup;
			children = (
				48399687191441AF0085611D /* in.notes.xcdatamodeld */,
				4839968A1914433D0085611D /* INPost.h */,
				4839968B1914433D0085611D /* INPost.m */,
				4839968D191443D00085611D /* INPost+Manage.h */,
				4839968E191443D00085611D /* INPost+Manage.m */,
			);
			name = "Core Data";
			sourceTree = "<group>";
		};
		48D844AC1915975200567AFA /* INBootsrtapData */ = {
			isa = PBXGroup;
			children = (
				48D844B119159A2500567AFA /* intro-image-thumbnail.png */,
				48D844AD1915975200567AFA /* intro-image.png */,
			);
			path = INBootsrtapData;
			sourceTree = "<group>";
		};
		48D844B31915A82400567AFA /* Other */ = {
			isa = PBXGroup;
			children = (
				4839968319143C360085611D /* KHFlatButton */,
				483995B5191437FA0085611D /* MagicalRecord */,
				48399615191437FA0085611D /* MSCMoreOptionTableViewCell */,
				48399619191437FA0085611D /* REDActionSheet */,
				4839961E191437FA0085611D /* RZCellSizeManager */,
				48399641191437FA0085611D /* SProgressHUD */,
			);
			name = Other;
			sourceTree = "<group>";
		};
		48D844B41915A8F700567AFA /* INAttachmentContainer */ = {
			isa = PBXGroup;
			children = (
				48D844B51915A8F700567AFA /* INAttachmentContainer.h */,
				48D844B61915A8F700567AFA /* INAttachmentContainer.m */,
				48D844B71915A8F700567AFA /* INAttachmentView.h */,
				48D844B81915A8F700567AFA /* INAttachmentView.m */,
			);
			path = INAttachmentContainer;
			sourceTree = "<group>";
		};
/* End PBXGroup section */

/* Begin PBXNativeTarget section */
		4839957C191427D20085611D /* in.notes */ = {
			isa = PBXNativeTarget;
			buildConfigurationList = 483995A9191427D20085611D /* Build configuration list for PBXNativeTarget "in.notes" */;
			buildPhases = (
				48399579191427D20085611D /* Sources */,
				4839957A191427D20085611D /* Frameworks */,
				4839957B191427D20085611D /* Resources */,
			);
			buildRules = (
			);
			dependencies = (
			);
			name = in.notes;
			productName = in.notes;
			productReference = 4839957D191427D20085611D /* in.notes.app */;
			productType = "com.apple.product-type.application";
		};
		48399597191427D20085611D /* in.notesTests */ = {
			isa = PBXNativeTarget;
			buildConfigurationList = 483995AC191427D20085611D /* Build configuration list for PBXNativeTarget "in.notesTests" */;
			buildPhases = (
				48399594191427D20085611D /* Sources */,
				48399595191427D20085611D /* Frameworks */,
				48399596191427D20085611D /* Resources */,
			);
			buildRules = (
			);
			dependencies = (
				4839959E191427D20085611D /* PBXTargetDependency */,
			);
			name = in.notesTests;
			productName = in.notesTests;
			productReference = 48399598191427D20085611D /* in.notesTests.xctest */;
			productType = "com.apple.product-type.bundle.unit-test";
		};
/* End PBXNativeTarget section */

/* Begin PBXProject section */
		48399575191427D20085611D /* Project object */ = {
			isa = PBXProject;
			attributes = {
				CLASSPREFIX = IN;
				LastUpgradeCheck = 0510;
				ORGANIZATIONNAME = in.notes;
				TargetAttributes = {
					48399597191427D20085611D = {
						TestTargetID = 4839957C191427D20085611D;
					};
				};
			};
			buildConfigurationList = 48399578191427D20085611D /* Build configuration list for PBXProject "in.notes" */;
			compatibilityVersion = "Xcode 3.2";
			developmentRegion = English;
			hasScannedForEncodings = 0;
			knownRegions = (
				en,
			);
			mainGroup = 48399574191427D20085611D;
			productRefGroup = 4839957E191427D20085611D /* Products */;
			projectDirPath = "";
			projectRoot = "";
			targets = (
				4839957C191427D20085611D /* in.notes */,
				48399597191427D20085611D /* in.notesTests */,
			);
		};
/* End PBXProject section */

/* Begin PBXResourcesBuildPhase section */
		4839957B191427D20085611D /* Resources */ = {
			isa = PBXResourcesBuildPhase;
			buildActionMask = 2147483647;
			files = (
				483995B019142C060085611D /* iPhone568.storyboard in Resources */,
				48D844AF1915975200567AFA /* intro-image.png in Resources */,
				48D844B219159A2500567AFA /* intro-image-thumbnail.png in Resources */,
				4839958B191427D20085611D /* InfoPlist.strings in Resources */,
				48399593191427D20085611D /* Images.xcassets in Resources */,
				48399662191437FA0085611D /* MCImageTableViewCell.xib in Resources */,
			);
			runOnlyForDeploymentPostprocessing = 0;
		};
		48399596191427D20085611D /* Resources */ = {
			isa = PBXResourcesBuildPhase;
			buildActionMask = 2147483647;
			files = (
				483995A4191427D20085611D /* InfoPlist.strings in Resources */,
			);
			runOnlyForDeploymentPostprocessing = 0;
		};
/* End PBXResourcesBuildPhase section */

/* Begin PBXSourcesBuildPhase section */
		48399579191427D20085611D /* Sources */ = {
			isa = PBXSourcesBuildPhase;
			buildActionMask = 2147483647;
			files = (
				4839958D191427D20085611D /* main.m in Sources */,
				4839966C191437FA0085611D /* MSCMoreOptionTableViewCell.m in Sources */,
				4839964F191437FA0085611D /* NSManagedObject+MagicalRequests.m in Sources */,
				4839966A191437FA0085611D /* MCMarkdownTextView.m in Sources */,
				48399657191437FA0085611D /* MagicalRecord+Actions.m in Sources */,
				48399656191437FA0085611D /* NSPersistentStoreCoordinator+MagicalRecord.m in Sources */,
				4839966B191437FA0085611D /* MCMoreButton.m in Sources */,
				48399665191437FA0085611D /* MCHashtagContainer.m in Sources */,
				48399644191437FA0085611D /* MagicalImportFunctions.m in Sources */,
				48399645191437FA0085611D /* NSAttributeDescription+MagicalDataImport.m in Sources */,
				48399659191437FA0085611D /* MagicalRecord+iCloud.m in Sources */,
				48399651191437FA0085611D /* NSManagedObjectContext+MagicalRecord.m in Sources */,
				48399654191437FA0085611D /* NSManagedObjectModel+MagicalRecord.m in Sources */,
				48399689191441AF0085611D /* in.notes.xcdatamodeld in Sources */,
				483995B319142CC20085611D /* INHomeViewController.m in Sources */,
				4839965C191437FA0085611D /* MagicalRecord+ShorthandSupport.m in Sources */,
				4839964D191437FA0085611D /* NSManagedObject+MagicalFinders.m in Sources */,
				4839968F191443D00085611D /* INPost+Manage.m in Sources */,
				48399660191437FA0085611D /* MCCharacterCounter.m in Sources */,
				48399650191437FA0085611D /* NSManagedObjectContext+MagicalObserving.m in Sources */,
				4839964E191437FA0085611D /* NSManagedObject+MagicalRecord.m in Sources */,
				4839967F191437FA0085611D /* SProgressHUD.m in Sources */,
				4839966E191437FA0085611D /* REDActionSheetButton.m in Sources */,
				48399670191437FA0085611D /* RZCellSizeManager.m in Sources */,
				4839968219143A5F0085611D /* INComposeViewController.m in Sources */,
				4839968C1914433D0085611D /* INPost.m in Sources */,
				48399669191437FA0085611D /* MCMarkdownSyntaxStorage.m in Sources */,
				48399652191437FA0085611D /* NSManagedObjectContext+MagicalSaves.m in Sources */,
				4839966F191437FA0085611D /* RZCellSizeManager+CoreData.m in Sources */,
				48399655191437FA0085611D /* NSPersistentStore+MagicalRecord.m in Sources */,
				4839965B191437FA0085611D /* MagicalRecord+Setup.m in Sources */,
				48399646191437FA0085611D /* NSEntityDescription+MagicalDataImport.m in Sources */,
				4839964A191437FA0085611D /* NSString+MagicalDataImport.m in Sources */,
				48399648191437FA0085611D /* NSObject+MagicalDataImport.m in Sources */,
				4839965A191437FA0085611D /* MagicalRecord+Options.m in Sources */,
				48399649191437FA0085611D /* NSRelationshipDescription+MagicalDataImport.m in Sources */,
				4839964B191437FA0085611D /* NSManagedObject+MagicalAggregation.m in Sources */,
				48399667191437FA0085611D /* UIImage+MCResize.m in Sources */,
				48399653191437FA0085611D /* NSManagedObjectContext+MagicalThreading.m in Sources */,
				48D844BA1915A8F700567AFA /* INAttachmentView.m in Sources */,
				4839964C191437FA0085611D /* NSManagedObject+MagicalDataImport.m in Sources */,
				48399647191437FA0085611D /* NSNumber+MagicalDataImport.m in Sources */,
				4839965D191437FA0085611D /* MagicalRecord.m in Sources */,
				4839968619143C360085611D /* KHFlatButton.m in Sources */,
				4839966D191437FA0085611D /* REDActionSheet.m in Sources */,
				48399591191427D20085611D /* INAppDelegate.m in Sources */,
				48D844B91915A8F700567AFA /* INAttachmentContainer.m in Sources */,
				48399661191437FA0085611D /* MCImageTableViewCell.m in Sources */,
				48399666191437FA0085611D /* MCImagePreview.m in Sources */,
				48399668191437FA0085611D /* MCImageStore.m in Sources */,
				48399658191437FA0085611D /* MagicalRecord+ErrorHandling.m in Sources */,
			);
			runOnlyForDeploymentPostprocessing = 0;
		};
		48399594191427D20085611D /* Sources */ = {
			isa = PBXSourcesBuildPhase;
			buildActionMask = 2147483647;
			files = (
				483995A6191427D20085611D /* in_notesTests.m in Sources */,
			);
			runOnlyForDeploymentPostprocessing = 0;
		};
/* End PBXSourcesBuildPhase section */

/* Begin PBXTargetDependency section */
		4839959E191427D20085611D /* PBXTargetDependency */ = {
			isa = PBXTargetDependency;
			target = 4839957C191427D20085611D /* in.notes */;
			targetProxy = 4839959D191427D20085611D /* PBXContainerItemProxy */;
		};
/* End PBXTargetDependency section */

/* Begin PBXVariantGroup section */
		48399589191427D20085611D /* InfoPlist.strings */ = {
			isa = PBXVariantGroup;
			children = (
				4839958A191427D20085611D /* en */,
			);
			name = InfoPlist.strings;
			sourceTree = "<group>";
		};
		483995A2191427D20085611D /* InfoPlist.strings */ = {
			isa = PBXVariantGroup;
			children = (
				483995A3191427D20085611D /* en */,
			);
			name = InfoPlist.strings;
			sourceTree = "<group>";
		};
/* End PBXVariantGroup section */

/* Begin XCBuildConfiguration section */
		483995A7191427D20085611D /* Debug */ = {
			isa = XCBuildConfiguration;
			buildSettings = {
				ALWAYS_SEARCH_USER_PATHS = NO;
				CLANG_CXX_LANGUAGE_STANDARD = "gnu++0x";
				CLANG_CXX_LIBRARY = "libc++";
				CLANG_ENABLE_MODULES = YES;
				CLANG_ENABLE_OBJC_ARC = YES;
				CLANG_WARN_BOOL_CONVERSION = YES;
				CLANG_WARN_CONSTANT_CONVERSION = YES;
				CLANG_WARN_DIRECT_OBJC_ISA_USAGE = YES_ERROR;
				CLANG_WARN_EMPTY_BODY = YES;
				CLANG_WARN_ENUM_CONVERSION = YES;
				CLANG_WARN_INT_CONVERSION = YES;
				CLANG_WARN_OBJC_ROOT_CLASS = YES_ERROR;
				CLANG_WARN__DUPLICATE_METHOD_MATCH = YES;
				"CODE_SIGN_IDENTITY[sdk=iphoneos*]" = "iPhone Developer";
				COPY_PHASE_STRIP = NO;
				GCC_C_LANGUAGE_STANDARD = gnu99;
				GCC_DYNAMIC_NO_PIC = NO;
				GCC_OPTIMIZATION_LEVEL = 0;
				GCC_PREPROCESSOR_DEFINITIONS = (
					"DEBUG=1",
					"$(inherited)",
				);
				GCC_SYMBOLS_PRIVATE_EXTERN = NO;
				GCC_WARN_64_TO_32_BIT_CONVERSION = YES;
				GCC_WARN_ABOUT_RETURN_TYPE = YES_ERROR;
				GCC_WARN_UNDECLARED_SELECTOR = YES;
				GCC_WARN_UNINITIALIZED_AUTOS = YES_AGGRESSIVE;
				GCC_WARN_UNUSED_FUNCTION = YES;
				GCC_WARN_UNUSED_VARIABLE = YES;
				IPHONEOS_DEPLOYMENT_TARGET = 7.1;
				ONLY_ACTIVE_ARCH = YES;
				SDKROOT = iphoneos;
			};
			name = Debug;
		};
		483995A8191427D20085611D /* Release */ = {
			isa = XCBuildConfiguration;
			buildSettings = {
				ALWAYS_SEARCH_USER_PATHS = NO;
				CLANG_CXX_LANGUAGE_STANDARD = "gnu++0x";
				CLANG_CXX_LIBRARY = "libc++";
				CLANG_ENABLE_MODULES = YES;
				CLANG_ENABLE_OBJC_ARC = YES;
				CLANG_WARN_BOOL_CONVERSION = YES;
				CLANG_WARN_CONSTANT_CONVERSION = YES;
				CLANG_WARN_DIRECT_OBJC_ISA_USAGE = YES_ERROR;
				CLANG_WARN_EMPTY_BODY = YES;
				CLANG_WARN_ENUM_CONVERSION = YES;
				CLANG_WARN_INT_CONVERSION = YES;
				CLANG_WARN_OBJC_ROOT_CLASS = YES_ERROR;
				CLANG_WARN__DUPLICATE_METHOD_MATCH = YES;
				"CODE_SIGN_IDENTITY[sdk=iphoneos*]" = "iPhone Developer";
				COPY_PHASE_STRIP = YES;
				ENABLE_NS_ASSERTIONS = NO;
				GCC_C_LANGUAGE_STANDARD = gnu99;
				GCC_WARN_64_TO_32_BIT_CONVERSION = YES;
				GCC_WARN_ABOUT_RETURN_TYPE = YES_ERROR;
				GCC_WARN_UNDECLARED_SELECTOR = YES;
				GCC_WARN_UNINITIALIZED_AUTOS = YES_AGGRESSIVE;
				GCC_WARN_UNUSED_FUNCTION = YES;
				GCC_WARN_UNUSED_VARIABLE = YES;
				IPHONEOS_DEPLOYMENT_TARGET = 7.1;
				SDKROOT = iphoneos;
				VALIDATE_PRODUCT = YES;
			};
			name = Release;
		};
		483995AA191427D20085611D /* Debug */ = {
			isa = XCBuildConfiguration;
			buildSettings = {
				ASSETCATALOG_COMPILER_APPICON_NAME = AppIcon;
				ASSETCATALOG_COMPILER_LAUNCHIMAGE_NAME = LaunchImage;
				GCC_PRECOMPILE_PREFIX_HEADER = YES;
				GCC_PREFIX_HEADER = "in.notes/in.notes-Prefix.pch";
				INFOPLIST_FILE = "in.notes/in.notes-Info.plist";
				IPHONEOS_DEPLOYMENT_TARGET = 7.0;
				PRODUCT_NAME = "$(TARGET_NAME)";
				WRAPPER_EXTENSION = app;
			};
			name = Debug;
		};
		483995AB191427D20085611D /* Release */ = {
			isa = XCBuildConfiguration;
			buildSettings = {
				ASSETCATALOG_COMPILER_APPICON_NAME = AppIcon;
				ASSETCATALOG_COMPILER_LAUNCHIMAGE_NAME = LaunchImage;
				GCC_PRECOMPILE_PREFIX_HEADER = YES;
				GCC_PREFIX_HEADER = "in.notes/in.notes-Prefix.pch";
				INFOPLIST_FILE = "in.notes/in.notes-Info.plist";
				IPHONEOS_DEPLOYMENT_TARGET = 7.0;
				PRODUCT_NAME = "$(TARGET_NAME)";
				WRAPPER_EXTENSION = app;
			};
			name = Release;
		};
		483995AD191427D20085611D /* Debug */ = {
			isa = XCBuildConfiguration;
			buildSettings = {
				BUNDLE_LOADER = "$(BUILT_PRODUCTS_DIR)/in.notes.app/in.notes";
				FRAMEWORK_SEARCH_PATHS = (
					"$(SDKROOT)/Developer/Library/Frameworks",
					"$(inherited)",
					"$(DEVELOPER_FRAMEWORKS_DIR)",
				);
				GCC_PRECOMPILE_PREFIX_HEADER = YES;
				GCC_PREFIX_HEADER = "in.notes/in.notes-Prefix.pch";
				GCC_PREPROCESSOR_DEFINITIONS = (
					"DEBUG=1",
					"$(inherited)",
				);
				INFOPLIST_FILE = "in.notesTests/in.notesTests-Info.plist";
				PRODUCT_NAME = "$(TARGET_NAME)";
				TEST_HOST = "$(BUNDLE_LOADER)";
				WRAPPER_EXTENSION = xctest;
			};
			name = Debug;
		};
		483995AE191427D20085611D /* Release */ = {
			isa = XCBuildConfiguration;
			buildSettings = {
				BUNDLE_LOADER = "$(BUILT_PRODUCTS_DIR)/in.notes.app/in.notes";
				FRAMEWORK_SEARCH_PATHS = (
					"$(SDKROOT)/Developer/Library/Frameworks",
					"$(inherited)",
					"$(DEVELOPER_FRAMEWORKS_DIR)",
				);
				GCC_PRECOMPILE_PREFIX_HEADER = YES;
				GCC_PREFIX_HEADER = "in.notes/in.notes-Prefix.pch";
				INFOPLIST_FILE = "in.notesTests/in.notesTests-Info.plist";
				PRODUCT_NAME = "$(TARGET_NAME)";
				TEST_HOST = "$(BUNDLE_LOADER)";
				WRAPPER_EXTENSION = xctest;
			};
			name = Release;
		};
/* End XCBuildConfiguration section */

/* Begin XCConfigurationList section */
		48399578191427D20085611D /* Build configuration list for PBXProject "in.notes" */ = {
			isa = XCConfigurationList;
			buildConfigurations = (
				483995A7191427D20085611D /* Debug */,
				483995A8191427D20085611D /* Release */,
			);
			defaultConfigurationIsVisible = 0;
			defaultConfigurationName = Release;
		};
		483995A9191427D20085611D /* Build configuration list for PBXNativeTarget "in.notes" */ = {
			isa = XCConfigurationList;
			buildConfigurations = (
				483995AA191427D20085611D /* Debug */,
				483995AB191427D20085611D /* Release */,
			);
			defaultConfigurationIsVisible = 0;
			defaultConfigurationName = Release;
		};
		483995AC191427D20085611D /* Build configuration list for PBXNativeTarget "in.notesTests" */ = {
			isa = XCConfigurationList;
			buildConfigurations = (
				483995AD191427D20085611D /* Debug */,
				483995AE191427D20085611D /* Release */,
			);
			defaultConfigurationIsVisible = 0;
			defaultConfigurationName = Release;
		};
/* End XCConfigurationList section */

/* Begin XCVersionGroup section */
		48399687191441AF0085611D /* in.notes.xcdatamodeld */ = {
			isa = XCVersionGroup;
			children = (
				48399688191441AF0085611D /* in.notes.xcdatamodel */,
			);
			currentVersion = 48399688191441AF0085611D /* in.notes.xcdatamodel */;
			path = in.notes.xcdatamodeld;
			sourceTree = "<group>";
			versionGroupType = wrapper.xcdatamodel;
		};
/* End XCVersionGroup section */
	};
	rootObject = 48399575191427D20085611D /* Project object */;
}
