// !$*UTF8*$!
{
	archiveVersion = 1;
	classes = {
	};
	objectVersion = 46;
	objects = {

/* Begin PBXBuildFile section */
		1C1E4FA9197C71E500CFBBBA /* INMarkdownSyntaxStorage.m in Sources */ = {isa = PBXBuildFile; fileRef = 1C1E4FA8197C71E500CFBBBA /* INMarkdownSyntaxStorage.m */; };
		1C254CD7195A418400AA5351 /* PlaceholderView.swift in Sources */ = {isa = PBXBuildFile; fileRef = 1C254CD6195A418400AA5351 /* PlaceholderView.swift */; };
		1C254CD9195A467400AA5351 /* AttachmentView.swift in Sources */ = {isa = PBXBuildFile; fileRef = 1C254CD8195A467400AA5351 /* AttachmentView.swift */; };
		1C254CDB195A53E700AA5351 /* AttachmentContainer.swift in Sources */ = {isa = PBXBuildFile; fileRef = 1C254CDA195A53E700AA5351 /* AttachmentContainer.swift */; };
		1C378EFE195B9E060074E304 /* TableViewCell.swift in Sources */ = {isa = PBXBuildFile; fileRef = 1C378EFD195B9E060074E304 /* TableViewCell.swift */; };
		1C378F00195B9E320074E304 /* ThumbnailViewDelegate.swift in Sources */ = {isa = PBXBuildFile; fileRef = 1C378EFF195B9E320074E304 /* ThumbnailViewDelegate.swift */; };
		480BE31E19480D3C003C05E1 /* Resize.swift in Sources */ = {isa = PBXBuildFile; fileRef = 480BE31D19480D3C003C05E1 /* Resize.swift */; };
		4814486D1921C01200BCB519 /* INPost.m in Sources */ = {isa = PBXBuildFile; fileRef = 4814486C1921C01200BCB519 /* INPost.m */; };
		48224A5A191930F700514A86 /* intro-image-thumbnail.png in Resources */ = {isa = PBXBuildFile; fileRef = 48224A58191930F700514A86 /* intro-image-thumbnail.png */; };
		48224A5B191930F700514A86 /* intro-image.png in Resources */ = {isa = PBXBuildFile; fileRef = 48224A59191930F700514A86 /* intro-image.png */; };
		48399581191427D20085611D /* Foundation.framework in Frameworks */ = {isa = PBXBuildFile; fileRef = 48399580191427D20085611D /* Foundation.framework */; };
		48399583191427D20085611D /* CoreGraphics.framework in Frameworks */ = {isa = PBXBuildFile; fileRef = 48399582191427D20085611D /* CoreGraphics.framework */; };
		48399585191427D20085611D /* UIKit.framework in Frameworks */ = {isa = PBXBuildFile; fileRef = 48399584191427D20085611D /* UIKit.framework */; };
		4839958B191427D20085611D /* InfoPlist.strings in Resources */ = {isa = PBXBuildFile; fileRef = 48399589191427D20085611D /* InfoPlist.strings */; };
		4839958D191427D20085611D /* main.m in Sources */ = {isa = PBXBuildFile; fileRef = 4839958C191427D20085611D /* main.m */; };
		48399591191427D20085611D /* INAppDelegate.m in Sources */ = {isa = PBXBuildFile; fileRef = 48399590191427D20085611D /* INAppDelegate.m */; };
		48399593191427D20085611D /* Images.xcassets in Resources */ = {isa = PBXBuildFile; fileRef = 48399592191427D20085611D /* Images.xcassets */; };
		4839959A191427D20085611D /* XCTest.framework in Frameworks */ = {isa = PBXBuildFile; fileRef = 48399599191427D20085611D /* XCTest.framework */; };
		4839959B191427D20085611D /* Foundation.framework in Frameworks */ = {isa = PBXBuildFile; fileRef = 48399580191427D20085611D /* Foundation.framework */; };
		4839959C191427D20085611D /* UIKit.framework in Frameworks */ = {isa = PBXBuildFile; fileRef = 48399584191427D20085611D /* UIKit.framework */; };
		483995A4191427D20085611D /* InfoPlist.strings in Resources */ = {isa = PBXBuildFile; fileRef = 483995A2191427D20085611D /* InfoPlist.strings */; };
		483995A6191427D20085611D /* in_notesTests.m in Sources */ = {isa = PBXBuildFile; fileRef = 483995A5191427D20085611D /* in_notesTests.m */; };
		483995B019142C060085611D /* iPhone568.storyboard in Resources */ = {isa = PBXBuildFile; fileRef = 483995AF19142C060085611D /* iPhone568.storyboard */; };
		483995B319142CC20085611D /* INHomeViewController.m in Sources */ = {isa = PBXBuildFile; fileRef = 483995B219142CC20085611D /* INHomeViewController.m */; };
		4839966D191437FA0085611D /* REDActionSheet.m in Sources */ = {isa = PBXBuildFile; fileRef = 4839961B191437FA0085611D /* REDActionSheet.m */; };
		4839966E191437FA0085611D /* REDActionSheetButton.m in Sources */ = {isa = PBXBuildFile; fileRef = 4839961D191437FA0085611D /* REDActionSheetButton.m */; };
		4839966F191437FA0085611D /* RZCellSizeManager+CoreData.m in Sources */ = {isa = PBXBuildFile; fileRef = 48399620191437FA0085611D /* RZCellSizeManager+CoreData.m */; };
		48399670191437FA0085611D /* RZCellSizeManager.m in Sources */ = {isa = PBXBuildFile; fileRef = 48399622191437FA0085611D /* RZCellSizeManager.m */; };
		4839968219143A5F0085611D /* INComposeViewController.m in Sources */ = {isa = PBXBuildFile; fileRef = 4839968119143A5F0085611D /* INComposeViewController.m */; };
		4839968F191443D00085611D /* INPost+Manage.m in Sources */ = {isa = PBXBuildFile; fileRef = 4839968E191443D00085611D /* INPost+Manage.m */; };
		484994B9191749370023B8AB /* INTableViewCell.m in Sources */ = {isa = PBXBuildFile; fileRef = 484994B7191749370023B8AB /* INTableViewCell.m */; };
		484994BA191749370023B8AB /* INTableViewCell.xib in Resources */ = {isa = PBXBuildFile; fileRef = 484994B8191749370023B8AB /* INTableViewCell.xib */; };
		484B8C41194E9E8300C0BDA7 /* ImagePreview.swift in Sources */ = {isa = PBXBuildFile; fileRef = 484B8C40194E9E8300C0BDA7 /* ImagePreview.swift */; };
		48580D081947AB7B00867968 /* NotesTextView.swift in Sources */ = {isa = PBXBuildFile; fileRef = 48580D071947AB7B00867968 /* NotesTextView.swift */; };
		48616EDB1916D0810011271A /* INNotesFetchedResultsController.m in Sources */ = {isa = PBXBuildFile; fileRef = 48616EDA1916D0810011271A /* INNotesFetchedResultsController.m */; };
		48616EE21916D9500011271A /* INTableViewController.m in Sources */ = {isa = PBXBuildFile; fileRef = 48616EE11916D9500011271A /* INTableViewController.m */; };
		4879C0FD194CBB130029F20D /* HashtagContainer.swift in Sources */ = {isa = PBXBuildFile; fileRef = 4879C0FC194CBB130029F20D /* HashtagContainer.swift */; };
		48982597194D4B3B00A4E236 /* ImageStore.swift in Sources */ = {isa = PBXBuildFile; fileRef = 48982596194D4B3B00A4E236 /* ImageStore.swift */; };
		48AC1283192BE969001E45A4 /* in.notes.xcdatamodeld in Sources */ = {isa = PBXBuildFile; fileRef = 48AC1281192BE969001E45A4 /* in.notes.xcdatamodeld */; };
		48B10E43192BECF400747B9C /* INEditViewController.m in Sources */ = {isa = PBXBuildFile; fileRef = 48B10E42192BECF400747B9C /* INEditViewController.m */; };
		48D844C31915B0B100567AFA /* INImageTableViewCell.m in Sources */ = {isa = PBXBuildFile; fileRef = 48D844C11915B0B100567AFA /* INImageTableViewCell.m */; };
		48D844C41915B0B100567AFA /* INImageTableViewCell.xib in Resources */ = {isa = PBXBuildFile; fileRef = 48D844C21915B0B100567AFA /* INImageTableViewCell.xib */; };
		48D844E31915C1BD00567AFA /* INTextTableViewCell.m in Sources */ = {isa = PBXBuildFile; fileRef = 48D844E11915C1BD00567AFA /* INTextTableViewCell.m */; };
		48D844E41915C1BD00567AFA /* INTextTableViewCell.xib in Resources */ = {isa = PBXBuildFile; fileRef = 48D844E21915C1BD00567AFA /* INTextTableViewCell.xib */; };
/* End PBXBuildFile section */

/* Begin PBXContainerItemProxy section */
		4839959D191427D20085611D /* PBXContainerItemProxy */ = {
			isa = PBXContainerItemProxy;
			containerPortal = 48399575191427D20085611D /* Project object */;
			proxyType = 1;
			remoteGlobalIDString = 4839957C191427D20085611D;
			remoteInfo = in.notes;
		};
/* End PBXContainerItemProxy section */

/* Begin PBXFileReference section */
		1C1E4FA7197C71E500CFBBBA /* INMarkdownSyntaxStorage.h */ = {isa = PBXFileReference; fileEncoding = 4; lastKnownFileType = sourcecode.c.h; path = INMarkdownSyntaxStorage.h; sourceTree = "<group>"; };
		1C1E4FA8197C71E500CFBBBA /* INMarkdownSyntaxStorage.m */ = {isa = PBXFileReference; fileEncoding = 4; lastKnownFileType = sourcecode.c.objc; path = INMarkdownSyntaxStorage.m; sourceTree = "<group>"; };
		1C254CD6195A418400AA5351 /* PlaceholderView.swift */ = {isa = PBXFileReference; fileEncoding = 4; lastKnownFileType = sourcecode.swift; path = PlaceholderView.swift; sourceTree = "<group>"; };
		1C254CD8195A467400AA5351 /* AttachmentView.swift */ = {isa = PBXFileReference; fileEncoding = 4; lastKnownFileType = sourcecode.swift; path = AttachmentView.swift; sourceTree = "<group>"; };
		1C254CDA195A53E700AA5351 /* AttachmentContainer.swift */ = {isa = PBXFileReference; fileEncoding = 4; lastKnownFileType = sourcecode.swift; path = AttachmentContainer.swift; sourceTree = "<group>"; };
		1C378EFD195B9E060074E304 /* TableViewCell.swift */ = {isa = PBXFileReference; fileEncoding = 4; lastKnownFileType = sourcecode.swift; path = TableViewCell.swift; sourceTree = "<group>"; };
		1C378EFF195B9E320074E304 /* ThumbnailViewDelegate.swift */ = {isa = PBXFileReference; fileEncoding = 4; lastKnownFileType = sourcecode.swift; path = ThumbnailViewDelegate.swift; sourceTree = "<group>"; };
		480A88C819478AC5006684C6 /* in.notes-Bridging-Header.h */ = {isa = PBXFileReference; lastKnownFileType = sourcecode.c.h; name = "in.notes-Bridging-Header.h"; path = "INMarkdownTextView/in.notes-Bridging-Header.h"; sourceTree = "<group>"; };
		480BE31D19480D3C003C05E1 /* Resize.swift */ = {isa = PBXFileReference; fileEncoding = 4; lastKnownFileType = sourcecode.swift; path = Resize.swift; sourceTree = "<group>"; };
		4814486B1921C01200BCB519 /* INPost.h */ = {isa = PBXFileReference; fileEncoding = 4; lastKnownFileType = sourcecode.c.h; path = INPost.h; sourceTree = "<group>"; };
		4814486C1921C01200BCB519 /* INPost.m */ = {isa = PBXFileReference; fileEncoding = 4; lastKnownFileType = sourcecode.c.objc; path = INPost.m; sourceTree = "<group>"; };
		48224A58191930F700514A86 /* intro-image-thumbnail.png */ = {isa = PBXFileReference; lastKnownFileType = image.png; path = "intro-image-thumbnail.png"; sourceTree = "<group>"; };
		48224A59191930F700514A86 /* intro-image.png */ = {isa = PBXFileReference; lastKnownFileType = image.png; path = "intro-image.png"; sourceTree = "<group>"; };
		4839957D191427D20085611D /* in.notes.app */ = {isa = PBXFileReference; explicitFileType = wrapper.application; includeInIndex = 0; path = in.notes.app; sourceTree = BUILT_PRODUCTS_DIR; };
		48399580191427D20085611D /* Foundation.framework */ = {isa = PBXFileReference; lastKnownFileType = wrapper.framework; name = Foundation.framework; path = System/Library/Frameworks/Foundation.framework; sourceTree = SDKROOT; };
		48399582191427D20085611D /* CoreGraphics.framework */ = {isa = PBXFileReference; lastKnownFileType = wrapper.framework; name = CoreGraphics.framework; path = System/Library/Frameworks/CoreGraphics.framework; sourceTree = SDKROOT; };
		48399584191427D20085611D /* UIKit.framework */ = {isa = PBXFileReference; lastKnownFileType = wrapper.framework; name = UIKit.framework; path = System/Library/Frameworks/UIKit.framework; sourceTree = SDKROOT; };
		48399588191427D20085611D /* in.notes-Info.plist */ = {isa = PBXFileReference; lastKnownFileType = text.plist.xml; path = "in.notes-Info.plist"; sourceTree = "<group>"; };
		4839958A191427D20085611D /* en */ = {isa = PBXFileReference; lastKnownFileType = text.plist.strings; name = en; path = en.lproj/InfoPlist.strings; sourceTree = "<group>"; };
		4839958C191427D20085611D /* main.m */ = {isa = PBXFileReference; lastKnownFileType = sourcecode.c.objc; path = main.m; sourceTree = "<group>"; };
		4839958E191427D20085611D /* in.notes-Prefix.pch */ = {isa = PBXFileReference; lastKnownFileType = sourcecode.c.h; path = "in.notes-Prefix.pch"; sourceTree = "<group>"; };
		4839958F191427D20085611D /* INAppDelegate.h */ = {isa = PBXFileReference; lastKnownFileType = sourcecode.c.h; path = INAppDelegate.h; sourceTree = "<group>"; };
		48399590191427D20085611D /* INAppDelegate.m */ = {isa = PBXFileReference; lastKnownFileType = sourcecode.c.objc; path = INAppDelegate.m; sourceTree = "<group>"; };
		48399592191427D20085611D /* Images.xcassets */ = {isa = PBXFileReference; lastKnownFileType = folder.assetcatalog; path = Images.xcassets; sourceTree = "<group>"; };
		48399598191427D20085611D /* in.notesTests.xctest */ = {isa = PBXFileReference; explicitFileType = wrapper.cfbundle; includeInIndex = 0; path = in.notesTests.xctest; sourceTree = BUILT_PRODUCTS_DIR; };
		48399599191427D20085611D /* XCTest.framework */ = {isa = PBXFileReference; lastKnownFileType = wrapper.framework; name = XCTest.framework; path = Library/Frameworks/XCTest.framework; sourceTree = DEVELOPER_DIR; };
		483995A1191427D20085611D /* in.notesTests-Info.plist */ = {isa = PBXFileReference; lastKnownFileType = text.plist.xml; path = "in.notesTests-Info.plist"; sourceTree = "<group>"; };
		483995A3191427D20085611D /* en */ = {isa = PBXFileReference; lastKnownFileType = text.plist.strings; name = en; path = en.lproj/InfoPlist.strings; sourceTree = "<group>"; };
		483995A5191427D20085611D /* in_notesTests.m */ = {isa = PBXFileReference; lastKnownFileType = sourcecode.c.objc; path = in_notesTests.m; sourceTree = "<group>"; };
		483995AF19142C060085611D /* iPhone568.storyboard */ = {isa = PBXFileReference; fileEncoding = 4; lastKnownFileType = file.storyboard; path = iPhone568.storyboard; sourceTree = "<group>"; };
		483995B119142CC20085611D /* INHomeViewController.h */ = {isa = PBXFileReference; fileEncoding = 4; lastKnownFileType = sourcecode.c.h; path = INHomeViewController.h; sourceTree = "<group>"; };
		483995B219142CC20085611D /* INHomeViewController.m */ = {isa = PBXFileReference; fileEncoding = 4; lastKnownFileType = sourcecode.c.objc; path = INHomeViewController.m; sourceTree = "<group>"; };
		483995B419142CE40085611D /* INConstants.h */ = {isa = PBXFileReference; lastKnownFileType = sourcecode.c.h; path = INConstants.h; sourceTree = "<group>"; };
		4839961A191437FA0085611D /* REDActionSheet.h */ = {isa = PBXFileReference; fileEncoding = 4; lastKnownFileType = sourcecode.c.h; path = REDActionSheet.h; sourceTree = "<group>"; };
		4839961B191437FA0085611D /* REDActionSheet.m */ = {isa = PBXFileReference; fileEncoding = 4; lastKnownFileType = sourcecode.c.objc; path = REDActionSheet.m; sourceTree = "<group>"; };
		4839961C191437FA0085611D /* REDActionSheetButton.h */ = {isa = PBXFileReference; fileEncoding = 4; lastKnownFileType = sourcecode.c.h; path = REDActionSheetButton.h; sourceTree = "<group>"; };
		4839961D191437FA0085611D /* REDActionSheetButton.m */ = {isa = PBXFileReference; fileEncoding = 4; lastKnownFileType = sourcecode.c.objc; path = REDActionSheetButton.m; sourceTree = "<group>"; };
		4839961F191437FA0085611D /* RZCellSizeManager+CoreData.h */ = {isa = PBXFileReference; fileEncoding = 4; lastKnownFileType = sourcecode.c.h; path = "RZCellSizeManager+CoreData.h"; sourceTree = "<group>"; };
		48399620191437FA0085611D /* RZCellSizeManager+CoreData.m */ = {isa = PBXFileReference; fileEncoding = 4; lastKnownFileType = sourcecode.c.objc; path = "RZCellSizeManager+CoreData.m"; sourceTree = "<group>"; };
		48399621191437FA0085611D /* RZCellSizeManager.h */ = {isa = PBXFileReference; fileEncoding = 4; lastKnownFileType = sourcecode.c.h; path = RZCellSizeManager.h; sourceTree = "<group>"; };
		48399622191437FA0085611D /* RZCellSizeManager.m */ = {isa = PBXFileReference; fileEncoding = 4; lastKnownFileType = sourcecode.c.objc; path = RZCellSizeManager.m; sourceTree = "<group>"; };
		4839968019143A5F0085611D /* INComposeViewController.h */ = {isa = PBXFileReference; fileEncoding = 4; lastKnownFileType = sourcecode.c.h; path = INComposeViewController.h; sourceTree = "<group>"; };
		4839968119143A5F0085611D /* INComposeViewController.m */ = {isa = PBXFileReference; fileEncoding = 4; lastKnownFileType = sourcecode.c.objc; path = INComposeViewController.m; sourceTree = "<group>"; };
		4839968D191443D00085611D /* INPost+Manage.h */ = {isa = PBXFileReference; fileEncoding = 4; lastKnownFileType = sourcecode.c.h; path = "INPost+Manage.h"; sourceTree = "<group>"; };
		4839968E191443D00085611D /* INPost+Manage.m */ = {isa = PBXFileReference; fileEncoding = 4; lastKnownFileType = sourcecode.c.objc; path = "INPost+Manage.m"; sourceTree = "<group>"; };
		484994B6191749370023B8AB /* INTableViewCell.h */ = {isa = PBXFileReference; fileEncoding = 4; lastKnownFileType = sourcecode.c.h; path = INTableViewCell.h; sourceTree = "<group>"; };
		484994B7191749370023B8AB /* INTableViewCell.m */ = {isa = PBXFileReference; fileEncoding = 4; lastKnownFileType = sourcecode.c.objc; path = INTableViewCell.m; sourceTree = "<group>"; };
		484994B8191749370023B8AB /* INTableViewCell.xib */ = {isa = PBXFileReference; fileEncoding = 4; lastKnownFileType = file.xib; path = INTableViewCell.xib; sourceTree = "<group>"; };
		484B8C40194E9E8300C0BDA7 /* ImagePreview.swift */ = {isa = PBXFileReference; fileEncoding = 4; lastKnownFileType = sourcecode.swift; path = ImagePreview.swift; sourceTree = "<group>"; };
		48580D071947AB7B00867968 /* NotesTextView.swift */ = {isa = PBXFileReference; fileEncoding = 4; lastKnownFileType = sourcecode.swift; path = NotesTextView.swift; sourceTree = "<group>"; };
		48616ED91916D0810011271A /* INNotesFetchedResultsController.h */ = {isa = PBXFileReference; fileEncoding = 4; lastKnownFileType = sourcecode.c.h; path = INNotesFetchedResultsController.h; sourceTree = "<group>"; };
		48616EDA1916D0810011271A /* INNotesFetchedResultsController.m */ = {isa = PBXFileReference; fileEncoding = 4; lastKnownFileType = sourcecode.c.objc; path = INNotesFetchedResultsController.m; sourceTree = "<group>"; };
		48616EE01916D9500011271A /* INTableViewController.h */ = {isa = PBXFileReference; fileEncoding = 4; lastKnownFileType = sourcecode.c.h; path = INTableViewController.h; sourceTree = "<group>"; };
		48616EE11916D9500011271A /* INTableViewController.m */ = {isa = PBXFileReference; fileEncoding = 4; lastKnownFileType = sourcecode.c.objc; path = INTableViewController.m; sourceTree = "<group>"; };
		4879C0FC194CBB130029F20D /* HashtagContainer.swift */ = {isa = PBXFileReference; fileEncoding = 4; lastKnownFileType = sourcecode.swift; path = HashtagContainer.swift; sourceTree = "<group>"; };
		48982596194D4B3B00A4E236 /* ImageStore.swift */ = {isa = PBXFileReference; fileEncoding = 4; lastKnownFileType = sourcecode.swift; path = ImageStore.swift; sourceTree = "<group>"; };
		48AC1282192BE969001E45A4 /* in.notes.xcdatamodel */ = {isa = PBXFileReference; lastKnownFileType = wrapper.xcdatamodel; path = in.notes.xcdatamodel; sourceTree = "<group>"; };
		48B10E41192BECF400747B9C /* INEditViewController.h */ = {isa = PBXFileReference; fileEncoding = 4; lastKnownFileType = sourcecode.c.h; path = INEditViewController.h; sourceTree = "<group>"; };
		48B10E42192BECF400747B9C /* INEditViewController.m */ = {isa = PBXFileReference; fileEncoding = 4; lastKnownFileType = sourcecode.c.objc; path = INEditViewController.m; sourceTree = "<group>"; };
		48D844C01915B0B100567AFA /* INImageTableViewCell.h */ = {isa = PBXFileReference; fileEncoding = 4; lastKnownFileType = sourcecode.c.h; path = INImageTableViewCell.h; sourceTree = "<group>"; };
		48D844C11915B0B100567AFA /* INImageTableViewCell.m */ = {isa = PBXFileReference; fileEncoding = 4; lastKnownFileType = sourcecode.c.objc; path = INImageTableViewCell.m; sourceTree = "<group>"; };
		48D844C21915B0B100567AFA /* INImageTableViewCell.xib */ = {isa = PBXFileReference; fileEncoding = 4; lastKnownFileType = file.xib; path = INImageTableViewCell.xib; sourceTree = "<group>"; };
		48D844E01915C1BD00567AFA /* INTextTableViewCell.h */ = {isa = PBXFileReference; fileEncoding = 4; lastKnownFileType = sourcecode.c.h; path = INTextTableViewCell.h; sourceTree = "<group>"; };
		48D844E11915C1BD00567AFA /* INTextTableViewCell.m */ = {isa = PBXFileReference; fileEncoding = 4; lastKnownFileType = sourcecode.c.objc; path = INTextTableViewCell.m; sourceTree = "<group>"; };
		48D844E21915C1BD00567AFA /* INTextTableViewCell.xib */ = {isa = PBXFileReference; fileEncoding = 4; lastKnownFileType = file.xib; path = INTextTableViewCell.xib; sourceTree = "<group>"; };
/* End PBXFileReference section */

/* Begin PBXFrameworksBuildPhase section */
		4839957A191427D20085611D /* Frameworks */ = {
			isa = PBXFrameworksBuildPhase;
			buildActionMask = 2147483647;
			files = (
				48399583191427D20085611D /* CoreGraphics.framework in Frameworks */,
				48399585191427D20085611D /* UIKit.framework in Frameworks */,
				48399581191427D20085611D /* Foundation.framework in Frameworks */,
			);
			runOnlyForDeploymentPostprocessing = 0;
		};
		48399595191427D20085611D /* Frameworks */ = {
			isa = PBXFrameworksBuildPhase;
			buildActionMask = 2147483647;
			files = (
				4839959A191427D20085611D /* XCTest.framework in Frameworks */,
				4839959C191427D20085611D /* UIKit.framework in Frameworks */,
				4839959B191427D20085611D /* Foundation.framework in Frameworks */,
			);
			runOnlyForDeploymentPostprocessing = 0;
		};
/* End PBXFrameworksBuildPhase section */

/* Begin PBXGroup section */
		48224A57191930F700514A86 /* INBootsrtapData */ = {
			isa = PBXGroup;
			children = (
				48224A58191930F700514A86 /* intro-image-thumbnail.png */,
				48224A59191930F700514A86 /* intro-image.png */,
			);
			path = INBootsrtapData;
			sourceTree = "<group>";
		};
		48399574191427D20085611D = {
			isa = PBXGroup;
			children = (
				48399586191427D20085611D /* in.notes */,
				4839959F191427D20085611D /* in.notesTests */,
				4839957F191427D20085611D /* Frameworks */,
				4839957E191427D20085611D /* Products */,
			);
			sourceTree = "<group>";
		};
		4839957E191427D20085611D /* Products */ = {
			isa = PBXGroup;
			children = (
				4839957D191427D20085611D /* in.notes.app */,
				48399598191427D20085611D /* in.notesTests.xctest */,
			);
			name = Products;
			sourceTree = "<group>";
		};
		4839957F191427D20085611D /* Frameworks */ = {
			isa = PBXGroup;
			children = (
				48399580191427D20085611D /* Foundation.framework */,
				48399582191427D20085611D /* CoreGraphics.framework */,
				48399584191427D20085611D /* UIKit.framework */,
				48399599191427D20085611D /* XCTest.framework */,
			);
			name = Frameworks;
			sourceTree = "<group>";
		};
		48399586191427D20085611D /* in.notes */ = {
			isa = PBXGroup;
			children = (
				483995B419142CE40085611D /* INConstants.h */,
				4839958F191427D20085611D /* INAppDelegate.h */,
				48399590191427D20085611D /* INAppDelegate.m */,
				483995AF19142C060085611D /* iPhone568.storyboard */,
				48B4A8DB191767BE00DDD642 /* ViewControllers */,
				48399690191443D70085611D /* Core Data */,
				48399592191427D20085611D /* Images.xcassets */,
				48399587191427D20085611D /* Supporting Files */,
			);
			path = in.notes;
			sourceTree = "<group>";
		};
		48399587191427D20085611D /* Supporting Files */ = {
			isa = PBXGroup;
			children = (
				48D844B41915A8F700567AFA /* INAttachmentContainer */,
				48224A57191930F700514A86 /* INBootsrtapData */,
				48D844BF1915B0B100567AFA /* INFeedCell */,
				48D844C51915B31D00567AFA /* INHashtagContainer */,
				48D844C91915B42200567AFA /* INImagePreview */,
				48D844CD1915B57C00567AFA /* INImageResize */,
				48D844D11915B69700567AFA /* INImageStore */,
				48D844D51915B8A500567AFA /* INMarkdownTextView */,
				48DD03E2191AC65A00012184 /* INPlaceholderView */,
				48D844B31915A82400567AFA /* xOther */,
				480A88C819478AC5006684C6 /* in.notes-Bridging-Header.h */,
				4839958E191427D20085611D /* in.notes-Prefix.pch */,
				48399588191427D20085611D /* in.notes-Info.plist */,
				48399589191427D20085611D /* InfoPlist.strings */,
				4839958C191427D20085611D /* main.m */,
			);
			name = "Supporting Files";
			sourceTree = "<group>";
		};
		4839959F191427D20085611D /* in.notesTests */ = {
			isa = PBXGroup;
			children = (
				483995A5191427D20085611D /* in_notesTests.m */,
				483995A0191427D20085611D /* Supporting Files */,
			);
			path = in.notesTests;
			sourceTree = "<group>";
		};
		483995A0191427D20085611D /* Supporting Files */ = {
			isa = PBXGroup;
			children = (
				483995A1191427D20085611D /* in.notesTests-Info.plist */,
				483995A2191427D20085611D /* InfoPlist.strings */,
			);
			name = "Supporting Files";
			sourceTree = "<group>";
		};
		48399619191437FA0085611D /* REDActionSheet */ = {
			isa = PBXGroup;
			children = (
				4839961A191437FA0085611D /* REDActionSheet.h */,
				4839961B191437FA0085611D /* REDActionSheet.m */,
				4839961C191437FA0085611D /* REDActionSheetButton.h */,
				4839961D191437FA0085611D /* REDActionSheetButton.m */,
			);
			path = REDActionSheet;
			sourceTree = "<group>";
		};
		4839961E191437FA0085611D /* RZCellSizeManager */ = {
			isa = PBXGroup;
			children = (
				4839961F191437FA0085611D /* RZCellSizeManager+CoreData.h */,
				48399620191437FA0085611D /* RZCellSizeManager+CoreData.m */,
				48399621191437FA0085611D /* RZCellSizeManager.h */,
				48399622191437FA0085611D /* RZCellSizeManager.m */,
			);
			path = RZCellSizeManager;
			sourceTree = "<group>";
		};
		48399690191443D70085611D /* Core Data */ = {
			isa = PBXGroup;
			children = (
				48AC1281192BE969001E45A4 /* in.notes.xcdatamodeld */,
				4814486B1921C01200BCB519 /* INPost.h */,
				4814486C1921C01200BCB519 /* INPost.m */,
				4839968D191443D00085611D /* INPost+Manage.h */,
				4839968E191443D00085611D /* INPost+Manage.m */,
			);
			name = "Core Data";
			sourceTree = "<group>";
		};
		48616EDC1916D0BE0011271A /* HomeViewController */ = {
			isa = PBXGroup;
			children = (
				48616EE01916D9500011271A /* INTableViewController.h */,
				48616EE11916D9500011271A /* INTableViewController.m */,
				48616ED91916D0810011271A /* INNotesFetchedResultsController.h */,
				48616EDA1916D0810011271A /* INNotesFetchedResultsController.m */,
				483995B119142CC20085611D /* INHomeViewController.h */,
				483995B219142CC20085611D /* INHomeViewController.m */,
			);
			name = HomeViewController;
			sourceTree = "<group>";
		};
		48B10E44192BECF800747B9C /* EditViewController */ = {
			isa = PBXGroup;
			children = (
				48B10E41192BECF400747B9C /* INEditViewController.h */,
				48B10E42192BECF400747B9C /* INEditViewController.m */,
			);
			name = EditViewController;
			sourceTree = "<group>";
		};
		48B4A8DA191767AC00DDD642 /* ComposeViewController */ = {
			isa = PBXGroup;
			children = (
				4839968019143A5F0085611D /* INComposeViewController.h */,
				4839968119143A5F0085611D /* INComposeViewController.m */,
			);
			name = ComposeViewController;
			sourceTree = "<group>";
		};
		48B4A8DB191767BE00DDD642 /* ViewControllers */ = {
			isa = PBXGroup;
			children = (
				48616EDC1916D0BE0011271A /* HomeViewController */,
				48B4A8DA191767AC00DDD642 /* ComposeViewController */,
				48B10E44192BECF800747B9C /* EditViewController */,
			);
			name = ViewControllers;
			sourceTree = "<group>";
		};
		48D844B31915A82400567AFA /* xOther */ = {
			isa = PBXGroup;
			children = (
				48399619191437FA0085611D /* REDActionSheet */,
				4839961E191437FA0085611D /* RZCellSizeManager */,
			);
			name = xOther;
			sourceTree = "<group>";
		};
		48D844B41915A8F700567AFA /* INAttachmentContainer */ = {
			isa = PBXGroup;
			children = (
				1C254CDA195A53E700AA5351 /* AttachmentContainer.swift */,
				1C254CD8195A467400AA5351 /* AttachmentView.swift */,
			);
			path = INAttachmentContainer;
			sourceTree = "<group>";
		};
		48D844BF1915B0B100567AFA /* INFeedCell */ = {
			isa = PBXGroup;
			children = (
				484994B6191749370023B8AB /* INTableViewCell.h */,
				484994B7191749370023B8AB /* INTableViewCell.m */,
				1C378EFD195B9E060074E304 /* TableViewCell.swift */,
				484994B8191749370023B8AB /* INTableViewCell.xib */,
				48D844C01915B0B100567AFA /* INImageTableViewCell.h */,
				48D844C11915B0B100567AFA /* INImageTableViewCell.m */,
				48D844C21915B0B100567AFA /* INImageTableViewCell.xib */,
				48D844E01915C1BD00567AFA /* INTextTableViewCell.h */,
				48D844E11915C1BD00567AFA /* INTextTableViewCell.m */,
				48D844E21915C1BD00567AFA /* INTextTableViewCell.xib */,
				1C378EFF195B9E320074E304 /* ThumbnailViewDelegate.swift */,
			);
			path = INFeedCell;
			sourceTree = "<group>";
		};
		48D844C51915B31D00567AFA /* INHashtagContainer */ = {
			isa = PBXGroup;
			children = (
				4879C0FC194CBB130029F20D /* HashtagContainer.swift */,
			);
			path = INHashtagContainer;
			sourceTree = "<group>";
		};
		48D844C91915B42200567AFA /* INImagePreview */ = {
			isa = PBXGroup;
			children = (
				484B8C40194E9E8300C0BDA7 /* ImagePreview.swift */,
			);
			path = INImagePreview;
			sourceTree = "<group>";
		};
		48D844CD1915B57C00567AFA /* INImageResize */ = {
			isa = PBXGroup;
			children = (
				480BE31D19480D3C003C05E1 /* Resize.swift */,
			);
			path = INImageResize;
			sourceTree = "<group>";
		};
		48D844D11915B69700567AFA /* INImageStore */ = {
			isa = PBXGroup;
			children = (
				48982596194D4B3B00A4E236 /* ImageStore.swift */,
			);
			path = INImageStore;
			sourceTree = "<group>";
		};
		48D844D51915B8A500567AFA /* INMarkdownTextView */ = {
			isa = PBXGroup;
			children = (
				1C1E4FA7197C71E500CFBBBA /* INMarkdownSyntaxStorage.h */,
				1C1E4FA8197C71E500CFBBBA /* INMarkdownSyntaxStorage.m */,
				48580D071947AB7B00867968 /* NotesTextView.swift */,
			);
			path = INMarkdownTextView;
			sourceTree = "<group>";
		};
		48DD03E2191AC65A00012184 /* INPlaceholderView */ = {
			isa = PBXGroup;
			children = (
				1C254CD6195A418400AA5351 /* PlaceholderView.swift */,
			);
			path = INPlaceholderView;
			sourceTree = "<group>";
		};
/* End PBXGroup section */

/* Begin PBXNativeTarget section */
		4839957C191427D20085611D /* in.notes */ = {
			isa = PBXNativeTarget;
			buildConfigurationList = 483995A9191427D20085611D /* Build configuration list for PBXNativeTarget "in.notes" */;
			buildPhases = (
				48399579191427D20085611D /* Sources */,
				4839957A191427D20085611D /* Frameworks */,
				4839957B191427D20085611D /* Resources */,
			);
			buildRules = (
			);
			dependencies = (
			);
			name = in.notes;
			productName = in.notes;
			productReference = 4839957D191427D20085611D /* in.notes.app */;
			productType = "com.apple.product-type.application";
		};
		48399597191427D20085611D /* in.notesTests */ = {
			isa = PBXNativeTarget;
			buildConfigurationList = 483995AC191427D20085611D /* Build configuration list for PBXNativeTarget "in.notesTests" */;
			buildPhases = (
				48399594191427D20085611D /* Sources */,
				48399595191427D20085611D /* Frameworks */,
				48399596191427D20085611D /* Resources */,
			);
			buildRules = (
			);
			dependencies = (
				4839959E191427D20085611D /* PBXTargetDependency */,
			);
			name = in.notesTests;
			productName = in.notesTests;
			productReference = 48399598191427D20085611D /* in.notesTests.xctest */;
			productType = "com.apple.product-type.bundle.unit-test";
		};
/* End PBXNativeTarget section */

/* Begin PBXProject section */
		48399575191427D20085611D /* Project object */ = {
			isa = PBXProject;
			attributes = {
				CLASSPREFIX = IN;
				LastUpgradeCheck = 0510;
				ORGANIZATIONNAME = in.notes;
				TargetAttributes = {
					4839957C191427D20085611D = {
						DevelopmentTeam = VV4VQB3X2M;
					};
					48399597191427D20085611D = {
						TestTargetID = 4839957C191427D20085611D;
					};
				};
			};
			buildConfigurationList = 48399578191427D20085611D /* Build configuration list for PBXProject "in.notes" */;
			compatibilityVersion = "Xcode 3.2";
			developmentRegion = English;
			hasScannedForEncodings = 0;
			knownRegions = (
				en,
			);
			mainGroup = 48399574191427D20085611D;
			productRefGroup = 4839957E191427D20085611D /* Products */;
			projectDirPath = "";
			projectRoot = "";
			targets = (
				4839957C191427D20085611D /* in.notes */,
				48399597191427D20085611D /* in.notesTests */,
			);
		};
/* End PBXProject section */

/* Begin PBXResourcesBuildPhase section */
		4839957B191427D20085611D /* Resources */ = {
			isa = PBXResourcesBuildPhase;
			buildActionMask = 2147483647;
			files = (
				48D844E41915C1BD00567AFA /* INTextTableViewCell.xib in Resources */,
				483995B019142C060085611D /* iPhone568.storyboard in Resources */,
				4839958B191427D20085611D /* InfoPlist.strings in Resources */,
				48D844C41915B0B100567AFA /* INImageTableViewCell.xib in Resources */,
				48399593191427D20085611D /* Images.xcassets in Resources */,
				48224A5A191930F700514A86 /* intro-image-thumbnail.png in Resources */,
				48224A5B191930F700514A86 /* intro-image.png in Resources */,
				484994BA191749370023B8AB /* INTableViewCell.xib in Resources */,
			);
			runOnlyForDeploymentPostprocessing = 0;
		};
		48399596191427D20085611D /* Resources */ = {
			isa = PBXResourcesBuildPhase;
			buildActionMask = 2147483647;
			files = (
				483995A4191427D20085611D /* InfoPlist.strings in Resources */,
			);
			runOnlyForDeploymentPostprocessing = 0;
		};
/* End PBXResourcesBuildPhase section */

/* Begin PBXSourcesBuildPhase section */
		48399579191427D20085611D /* Sources */ = {
			isa = PBXSourcesBuildPhase;
			buildActionMask = 2147483647;
			files = (
				4839958D191427D20085611D /* main.m in Sources */,
				1C254CD7195A418400AA5351 /* PlaceholderView.swift in Sources */,
				1C254CDB195A53E700AA5351 /* AttachmentContainer.swift in Sources */,
				483995B319142CC20085611D /* INHomeViewController.m in Sources */,
				1C378F00195B9E320074E304 /* ThumbnailViewDelegate.swift in Sources */,
				48AC1283192BE969001E45A4 /* in.notes.xcdatamodeld in Sources */,
				4839968F191443D00085611D /* INPost+Manage.m in Sources */,
				484B8C41194E9E8300C0BDA7 /* ImagePreview.swift in Sources */,
				48982597194D4B3B00A4E236 /* ImageStore.swift in Sources */,
				4839966E191437FA0085611D /* REDActionSheetButton.m in Sources */,
				4814486D1921C01200BCB519 /* INPost.m in Sources */,
				48399670191437FA0085611D /* RZCellSizeManager.m in Sources */,
				4839968219143A5F0085611D /* INComposeViewController.m in Sources */,
				48B10E43192BECF400747B9C /* INEditViewController.m in Sources */,
				4839966F191437FA0085611D /* RZCellSizeManager+CoreData.m in Sources */,
				48616EDB1916D0810011271A /* INNotesFetchedResultsController.m in Sources */,
				48D844E31915C1BD00567AFA /* INTextTableViewCell.m in Sources */,
				480BE31E19480D3C003C05E1 /* Resize.swift in Sources */,
				1C1E4FA9197C71E500CFBBBA /* INMarkdownSyntaxStorage.m in Sources */,
				4879C0FD194CBB130029F20D /* HashtagContainer.swift in Sources */,
				1C378EFE195B9E060074E304 /* TableViewCell.swift in Sources */,
				48616EE21916D9500011271A /* INTableViewController.m in Sources */,
				48D844C31915B0B100567AFA /* INImageTableViewCell.m in Sources */,
				1C254CD9195A467400AA5351 /* AttachmentView.swift in Sources */,
				4839966D191437FA0085611D /* REDActionSheet.m in Sources */,
				48399591191427D20085611D /* INAppDelegate.m in Sources */,
				484994B9191749370023B8AB /* INTableViewCell.m in Sources */,
				48580D081947AB7B00867968 /* NotesTextView.swift in Sources */,
			);
			runOnlyForDeploymentPostprocessing = 0;
		};
		48399594191427D20085611D /* Sources */ = {
			isa = PBXSourcesBuildPhase;
			buildActionMask = 2147483647;
			files = (
				483995A6191427D20085611D /* in_notesTests.m in Sources */,
			);
			runOnlyForDeploymentPostprocessing = 0;
		};
/* End PBXSourcesBuildPhase section */

/* Begin PBXTargetDependency section */
		4839959E191427D20085611D /* PBXTargetDependency */ = {
			isa = PBXTargetDependency;
			target = 4839957C191427D20085611D /* in.notes */;
			targetProxy = 4839959D191427D20085611D /* PBXContainerItemProxy */;
		};
/* End PBXTargetDependency section */

/* Begin PBXVariantGroup section */
		48399589191427D20085611D /* InfoPlist.strings */ = {
			isa = PBXVariantGroup;
			children = (
				4839958A191427D20085611D /* en */,
			);
			name = InfoPlist.strings;
			sourceTree = "<group>";
		};
		483995A2191427D20085611D /* InfoPlist.strings */ = {
			isa = PBXVariantGroup;
			children = (
				483995A3191427D20085611D /* en */,
			);
			name = InfoPlist.strings;
			sourceTree = "<group>";
		};
/* End PBXVariantGroup section */

/* Begin XCBuildConfiguration section */
		483995A7191427D20085611D /* Debug */ = {
			isa = XCBuildConfiguration;
			buildSettings = {
				ALWAYS_SEARCH_USER_PATHS = NO;
				CLANG_CXX_LANGUAGE_STANDARD = "gnu++0x";
				CLANG_CXX_LIBRARY = "libc++";
				CLANG_ENABLE_MODULES = YES;
				CLANG_ENABLE_OBJC_ARC = YES;
				CLANG_WARN_BOOL_CONVERSION = YES;
				CLANG_WARN_CONSTANT_CONVERSION = YES;
				CLANG_WARN_DIRECT_OBJC_ISA_USAGE = YES_ERROR;
				CLANG_WARN_EMPTY_BODY = YES;
				CLANG_WARN_ENUM_CONVERSION = YES;
				CLANG_WARN_INT_CONVERSION = YES;
				CLANG_WARN_OBJC_ROOT_CLASS = YES_ERROR;
				CLANG_WARN__DUPLICATE_METHOD_MATCH = YES;
				"CODE_SIGN_IDENTITY[sdk=iphoneos*]" = "iPhone Developer";
				COPY_PHASE_STRIP = NO;
				GCC_C_LANGUAGE_STANDARD = gnu99;
				GCC_DYNAMIC_NO_PIC = NO;
				GCC_OPTIMIZATION_LEVEL = 0;
				GCC_PREPROCESSOR_DEFINITIONS = (
					"DEBUG=1",
					"$(inherited)",
				);
				GCC_SYMBOLS_PRIVATE_EXTERN = NO;
				GCC_WARN_64_TO_32_BIT_CONVERSION = YES;
				GCC_WARN_ABOUT_RETURN_TYPE = YES_ERROR;
				GCC_WARN_UNDECLARED_SELECTOR = YES;
				GCC_WARN_UNINITIALIZED_AUTOS = YES_AGGRESSIVE;
				GCC_WARN_UNUSED_FUNCTION = YES;
				GCC_WARN_UNUSED_VARIABLE = YES;
				IPHONEOS_DEPLOYMENT_TARGET = 7.1;
				ONLY_ACTIVE_ARCH = YES;
				SDKROOT = iphoneos;
			};
			name = Debug;
		};
		483995A8191427D20085611D /* Release */ = {
			isa = XCBuildConfiguration;
			buildSettings = {
				ALWAYS_SEARCH_USER_PATHS = NO;
				CLANG_CXX_LANGUAGE_STANDARD = "gnu++0x";
				CLANG_CXX_LIBRARY = "libc++";
				CLANG_ENABLE_MODULES = YES;
				CLANG_ENABLE_OBJC_ARC = YES;
				CLANG_WARN_BOOL_CONVERSION = YES;
				CLANG_WARN_CONSTANT_CONVERSION = YES;
				CLANG_WARN_DIRECT_OBJC_ISA_USAGE = YES_ERROR;
				CLANG_WARN_EMPTY_BODY = YES;
				CLANG_WARN_ENUM_CONVERSION = YES;
				CLANG_WARN_INT_CONVERSION = YES;
				CLANG_WARN_OBJC_ROOT_CLASS = YES_ERROR;
				CLANG_WARN__DUPLICATE_METHOD_MATCH = YES;
				"CODE_SIGN_IDENTITY[sdk=iphoneos*]" = "iPhone Developer";
				COPY_PHASE_STRIP = YES;
				ENABLE_NS_ASSERTIONS = NO;
				GCC_C_LANGUAGE_STANDARD = gnu99;
				GCC_WARN_64_TO_32_BIT_CONVERSION = YES;
				GCC_WARN_ABOUT_RETURN_TYPE = YES_ERROR;
				GCC_WARN_UNDECLARED_SELECTOR = YES;
				GCC_WARN_UNINITIALIZED_AUTOS = YES_AGGRESSIVE;
				GCC_WARN_UNUSED_FUNCTION = YES;
				GCC_WARN_UNUSED_VARIABLE = YES;
				IPHONEOS_DEPLOYMENT_TARGET = 7.1;
				SDKROOT = iphoneos;
				VALIDATE_PRODUCT = YES;
			};
			name = Release;
		};
		483995AA191427D20085611D /* Debug */ = {
			isa = XCBuildConfiguration;
			buildSettings = {
				ASSETCATALOG_COMPILER_APPICON_NAME = AppIcon;
				ASSETCATALOG_COMPILER_LAUNCHIMAGE_NAME = LaunchImage;
				CLANG_ENABLE_MODULES = YES;
				CODE_SIGN_IDENTITY = "iPhone Developer";
				"CODE_SIGN_IDENTITY[sdk=iphoneos*]" = "iPhone Developer";
				DEFINES_MODULE = YES;
				GCC_PRECOMPILE_PREFIX_HEADER = YES;
				GCC_PREFIX_HEADER = "in.notes/in.notes-Prefix.pch";
				INFOPLIST_FILE = "in.notes/in.notes-Info.plist";
				IPHONEOS_DEPLOYMENT_TARGET = 8.0;
				LD_RUNPATH_SEARCH_PATHS = "$(inherited) @executable_path/Frameworks";
				PRODUCT_NAME = "$(TARGET_NAME)";
				PROVISIONING_PROFILE = "";
				SWIFT_OBJC_BRIDGING_HEADER = "in.notes/INMarkdownTextView/in.notes-Bridging-Header.h";
				SWIFT_OPTIMIZATION_LEVEL = "-Onone";
				TARGETED_DEVICE_FAMILY = 1;
				WRAPPER_EXTENSION = app;
			};
			name = Debug;
		};
		483995AB191427D20085611D /* Release */ = {
			isa = XCBuildConfiguration;
			buildSettings = {
				ASSETCATALOG_COMPILER_APPICON_NAME = AppIcon;
				ASSETCATALOG_COMPILER_LAUNCHIMAGE_NAME = LaunchImage;
				CLANG_ENABLE_MODULES = YES;
				CODE_SIGN_IDENTITY = "iPhone Developer";
				"CODE_SIGN_IDENTITY[sdk=iphoneos*]" = "iPhone Developer";
				DEFINES_MODULE = YES;
				GCC_PRECOMPILE_PREFIX_HEADER = YES;
				GCC_PREFIX_HEADER = "in.notes/in.notes-Prefix.pch";
				INFOPLIST_FILE = "in.notes/in.notes-Info.plist";
				IPHONEOS_DEPLOYMENT_TARGET = 8.0;
				LD_RUNPATH_SEARCH_PATHS = "$(inherited) @executable_path/Frameworks";
				PRODUCT_NAME = "$(TARGET_NAME)";
				PROVISIONING_PROFILE = "";
				SWIFT_OBJC_BRIDGING_HEADER = "in.notes/INMarkdownTextView/in.notes-Bridging-Header.h";
				TARGETED_DEVICE_FAMILY = 1;
				WRAPPER_EXTENSION = app;
			};
			name = Release;
		};
		483995AD191427D20085611D /* Debug */ = {
			isa = XCBuildConfiguration;
			buildSettings = {
				BUNDLE_LOADER = "$(BUILT_PRODUCTS_DIR)/in.notes.app/in.notes";
				FRAMEWORK_SEARCH_PATHS = (
					"$(SDKROOT)/Developer/Library/Frameworks",
					"$(inherited)",
					"$(DEVELOPER_FRAMEWORKS_DIR)",
				);
				GCC_PRECOMPILE_PREFIX_HEADER = YES;
				GCC_PREFIX_HEADER = "in.notes/in.notes-Prefix.pch";
				GCC_PREPROCESSOR_DEFINITIONS = (
					"DEBUG=1",
					"$(inherited)",
				);
				INFOPLIST_FILE = "in.notesTests/in.notesTests-Info.plist";
				PRODUCT_NAME = "$(TARGET_NAME)";
				TEST_HOST = "$(BUNDLE_LOADER)";
				WRAPPER_EXTENSION = xctest;
			};
			name = Debug;
		};
		483995AE191427D20085611D /* Release */ = {
			isa = XCBuildConfiguration;
			buildSettings = {
				BUNDLE_LOADER = "$(BUILT_PRODUCTS_DIR)/in.notes.app/in.notes";
				FRAMEWORK_SEARCH_PATHS = (
					"$(SDKROOT)/Developer/Library/Frameworks",
					"$(inherited)",
					"$(DEVELOPER_FRAMEWORKS_DIR)",
				);
				GCC_PRECOMPILE_PREFIX_HEADER = YES;
				GCC_PREFIX_HEADER = "in.notes/in.notes-Prefix.pch";
				INFOPLIST_FILE = "in.notesTests/in.notesTests-Info.plist";
				PRODUCT_NAME = "$(TARGET_NAME)";
				TEST_HOST = "$(BUNDLE_LOADER)";
				WRAPPER_EXTENSION = xctest;
			};
			name = Release;
		};
/* End XCBuildConfiguration section */

/* Begin XCConfigurationList section */
		48399578191427D20085611D /* Build configuration list for PBXProject "in.notes" */ = {
			isa = XCConfigurationList;
			buildConfigurations = (
				483995A7191427D20085611D /* Debug */,
				483995A8191427D20085611D /* Release */,
			);
			defaultConfigurationIsVisible = 0;
			defaultConfigurationName = Release;
		};
		483995A9191427D20085611D /* Build configuration list for PBXNativeTarget "in.notes" */ = {
			isa = XCConfigurationList;
			buildConfigurations = (
				483995AA191427D20085611D /* Debug */,
				483995AB191427D20085611D /* Release */,
			);
			defaultConfigurationIsVisible = 0;
			defaultConfigurationName = Release;
		};
		483995AC191427D20085611D /* Build configuration list for PBXNativeTarget "in.notesTests" */ = {
			isa = XCConfigurationList;
			buildConfigurations = (
				483995AD191427D20085611D /* Debug */,
				483995AE191427D20085611D /* Release */,
			);
			defaultConfigurationIsVisible = 0;
			defaultConfigurationName = Release;
		};
/* End XCConfigurationList section */

/* Begin XCVersionGroup section */
		48AC1281192BE969001E45A4 /* in.notes.xcdatamodeld */ = {
			isa = XCVersionGroup;
			children = (
				48AC1282192BE969001E45A4 /* in.notes.xcdatamodel */,
			);
			currentVersion = 48AC1282192BE969001E45A4 /* in.notes.xcdatamodel */;
			path = in.notes.xcdatamodeld;
			sourceTree = "<group>";
			versionGroupType = wrapper.xcdatamodel;
		};
/* End XCVersionGroup section */
	};
	rootObject = 48399575191427D20085611D /* Project object */;
}
